{
  "version": 4,
  "terraform_version": "1.0.9",
  "serial": 878,
  "lineage": "0077ddd4-5fda-f150-34b6-0b28d0ffa4ab",
  "outputs": {
    "cluster_endpoint": {
      "value": "https://0C28EF78C249DBB1484F2C5A8A9E72A7.gr7.eu-central-1.eks.amazonaws.com",
      "type": "string"
    },
    "cluster_id": {
      "value": "Raviv-PortfolioEKS",
      "type": "string"
    },
    "cluster_name": {
      "value": "Raviv-PortfolioEKS",
      "type": "string"
    },
    "cluster_security_group_id": {
      "value": "sg-078db17f6fd068cb1",
      "type": "string"
    },
    "config_map_aws_auth": {
      "value": [
        {
          "binary_data": {},
          "data": {
            "mapAccounts": "[]\n",
            "mapRoles": "- \"groups\":\n  - \"system:bootstrappers\"\n  - \"system:nodes\"\n  \"rolearn\": \"arn:aws:iam::377834893374:role/Raviv-PortfolioEKS2021111816241125700000000c\"\n  \"username\": \"system:node:{{EC2PrivateDNSName}}\"\n",
            "mapUsers": "[]\n"
          },
          "id": "kube-system/aws-auth",
          "metadata": [
            {
              "annotations": {},
              "generate_name": "",
              "generation": 0,
              "labels": {
                "app.kubernetes.io/managed-by": "Terraform",
                "terraform.io/module": "terraform-aws-modules.eks.aws"
              },
              "name": "aws-auth",
              "namespace": "kube-system",
              "resource_version": "710",
              "uid": "92093712-9178-408d-8e35-5dfa090052d0"
            }
          ]
        }
      ],
      "type": [
        "tuple",
        [
          [
            "object",
            {
              "binary_data": [
                "map",
                "string"
              ],
              "data": [
                "map",
                "string"
              ],
              "id": "string",
              "metadata": [
                "list",
                [
                  "object",
                  {
                    "annotations": [
                      "map",
                      "string"
                    ],
                    "generate_name": "string",
                    "generation": "number",
                    "labels": [
                      "map",
                      "string"
                    ],
                    "name": "string",
                    "namespace": "string",
                    "resource_version": "string",
                    "uid": "string"
                  }
                ]
              ]
            }
          ]
        ]
      ]
    },
    "kubectl_config": {
      "value": "apiVersion: v1\npreferences: {}\nkind: Config\n\nclusters:\n- cluster:\n    server: https://0C28EF78C249DBB1484F2C5A8A9E72A7.gr7.eu-central-1.eks.amazonaws.com\n    certificate-authority-data: LS0tLS1CRUdJTiBDRVJUSUZJQ0FURS0tLS0tCk1JSUM1ekNDQWMrZ0F3SUJBZ0lCQURBTkJna3Foa2lHOXcwQkFRc0ZBREFWTVJNd0VRWURWUVFERXdwcmRXSmwKY201bGRHVnpNQjRYRFRJeE1URXhPREUyTVRreU5Wb1hEVE14TVRFeE5qRTJNVGt5TlZvd0ZURVRNQkVHQTFVRQpBeE1LYTNWaVpYSnVaWFJsY3pDQ0FTSXdEUVlKS29aSWh2Y05BUUVCQlFBRGdnRVBBRENDQVFvQ2dnRUJBS2VYCnllZGpUKzVwaEFWOGtqQ2I2U2tjdHJQTVJMa2dqMmpuMVAvWWhIbU9hWXEyV1R4djduZ21jQUpNV3hpS21wZjkKVVdURGxJM1BTSzNNZk96Qy9DWGVyQVdiWFpJUTMzS2RZUFhHZnI2ZzRmdklwbHhOVDZOS2dCMkRTYjRVUTRpQQp6RHZ5bTBPOTFtNzdTVDRrNWZFdEVkZ0EvdVo0QkU1QXBzdUgyQ1ZDTkZHd0pTb1pyTENwN1VteFJBVHF2YlJ5CkpmS1Iza2xleE4xL3UzczZJdFVBaSs0RndGaHFUbHlkM3JWVVo4QUNGWTJ1WTFMOG0vWlV4aVRpNmZla2QvQlEKWkQwS2JMVnNGMkxabzZaV1FUamQ1MGI0NXAxVGZXVUFMajNsTzhSQm5DU0JZa01GT1duUlV4aW54WWJjV1FZQgpZand3dFh5M2pzWmV4K3JqL0JFQ0F3RUFBYU5DTUVBd0RnWURWUjBQQVFIL0JBUURBZ0trTUE4R0ExVWRFd0VCCi93UUZNQU1CQWY4d0hRWURWUjBPQkJZRUZObVVBZ00vNjFkbGg0eDI2aTlGVGpmZng0TDNNQTBHQ1NxR1NJYjMKRFFFQkN3VUFBNElCQVFCU0xxYUY0MXJmTzRZRVlHVzhBaTdMZGpkdjFLTExTTWpzaWZpZVNlSHM4Z3BpNFpIUgp0ZTVENFZ6anpPbkdhRjVYSG9vZUZZZVQvQXNEN3lEUjhRdEY1RU1BUXVocS9YeTZSakZla0hVREJPeHZXNjdGCkYzTGlWL3VGYTVzNVdSYjRMQkZ3VnVBK2kvaWM1U2dieXZOSjhqWjd2aUlwbW1sWElkcGQrY0RDeHJvam5PbnYKSUxFUWV1akloMENjTEM0U1RmcGFDaURITy9XeEkrTUQxV2ZKcXEzU2RleWNiZ3ZobVRjdFJhSjNMN1NQWWFwdQp4d2pueEJZaVhvcmF1eVd2eGNHcU0wVlFlSjNpK2RnOS9XS3R1MDMwZ3A2cFpxN3ZaNG5sWmt3bmtFdWVIcEFIClBQcUp4RUtKZEk2dEp4eFJIUlJwTWxIMEhPK1MvZUZaUDl5cQotLS0tLUVORCBDRVJUSUZJQ0FURS0tLS0tCg==\n  name: eks_Raviv-PortfolioEKS\n\ncontexts:\n- context:\n    cluster: eks_Raviv-PortfolioEKS\n    user: eks_Raviv-PortfolioEKS\n  name: eks_Raviv-PortfolioEKS\n\ncurrent-context: eks_Raviv-PortfolioEKS\n\nusers:\n- name: eks_Raviv-PortfolioEKS\n  user:\n    exec:\n      apiVersion: client.authentication.k8s.io/v1alpha1\n      command: aws-iam-authenticator\n      args:\n        - \"token\"\n        - \"-i\"\n        - \"Raviv-PortfolioEKS\"\n",
      "type": "string"
    },
    "region": {
      "value": "eu-central-1",
      "type": "string"
    }
  },
  "resources": [
    {
      "mode": "data",
      "type": "aws_availability_zones",
      "name": "available",
      "provider": "provider[\"registry.terraform.io/hashicorp/aws\"]",
      "instances": [
        {
          "schema_version": 0,
          "attributes": {
            "all_availability_zones": null,
            "exclude_names": null,
            "exclude_zone_ids": null,
            "filter": null,
            "group_names": [
              "eu-central-1"
            ],
            "id": "eu-central-1",
            "names": [
              "eu-central-1a",
              "eu-central-1b",
              "eu-central-1c"
            ],
            "state": null,
            "zone_ids": [
              "euc1-az2",
              "euc1-az3",
              "euc1-az1"
            ]
          },
          "sensitive_attributes": []
        }
      ]
    },
    {
      "mode": "data",
      "type": "aws_eks_cluster",
      "name": "cluster",
      "provider": "provider[\"registry.terraform.io/hashicorp/aws\"]",
      "instances": [
        {
          "schema_version": 0,
          "attributes": {
            "arn": "arn:aws:eks:eu-central-1:377834893374:cluster/Raviv-PortfolioEKS",
            "certificate_authority": [
              {
                "data": "LS0tLS1CRUdJTiBDRVJUSUZJQ0FURS0tLS0tCk1JSUM1ekNDQWMrZ0F3SUJBZ0lCQURBTkJna3Foa2lHOXcwQkFRc0ZBREFWTVJNd0VRWURWUVFERXdwcmRXSmwKY201bGRHVnpNQjRYRFRJeE1URXhPREUyTVRreU5Wb1hEVE14TVRFeE5qRTJNVGt5TlZvd0ZURVRNQkVHQTFVRQpBeE1LYTNWaVpYSnVaWFJsY3pDQ0FTSXdEUVlKS29aSWh2Y05BUUVCQlFBRGdnRVBBRENDQVFvQ2dnRUJBS2VYCnllZGpUKzVwaEFWOGtqQ2I2U2tjdHJQTVJMa2dqMmpuMVAvWWhIbU9hWXEyV1R4djduZ21jQUpNV3hpS21wZjkKVVdURGxJM1BTSzNNZk96Qy9DWGVyQVdiWFpJUTMzS2RZUFhHZnI2ZzRmdklwbHhOVDZOS2dCMkRTYjRVUTRpQQp6RHZ5bTBPOTFtNzdTVDRrNWZFdEVkZ0EvdVo0QkU1QXBzdUgyQ1ZDTkZHd0pTb1pyTENwN1VteFJBVHF2YlJ5CkpmS1Iza2xleE4xL3UzczZJdFVBaSs0RndGaHFUbHlkM3JWVVo4QUNGWTJ1WTFMOG0vWlV4aVRpNmZla2QvQlEKWkQwS2JMVnNGMkxabzZaV1FUamQ1MGI0NXAxVGZXVUFMajNsTzhSQm5DU0JZa01GT1duUlV4aW54WWJjV1FZQgpZand3dFh5M2pzWmV4K3JqL0JFQ0F3RUFBYU5DTUVBd0RnWURWUjBQQVFIL0JBUURBZ0trTUE4R0ExVWRFd0VCCi93UUZNQU1CQWY4d0hRWURWUjBPQkJZRUZObVVBZ00vNjFkbGg0eDI2aTlGVGpmZng0TDNNQTBHQ1NxR1NJYjMKRFFFQkN3VUFBNElCQVFCU0xxYUY0MXJmTzRZRVlHVzhBaTdMZGpkdjFLTExTTWpzaWZpZVNlSHM4Z3BpNFpIUgp0ZTVENFZ6anpPbkdhRjVYSG9vZUZZZVQvQXNEN3lEUjhRdEY1RU1BUXVocS9YeTZSakZla0hVREJPeHZXNjdGCkYzTGlWL3VGYTVzNVdSYjRMQkZ3VnVBK2kvaWM1U2dieXZOSjhqWjd2aUlwbW1sWElkcGQrY0RDeHJvam5PbnYKSUxFUWV1akloMENjTEM0U1RmcGFDaURITy9XeEkrTUQxV2ZKcXEzU2RleWNiZ3ZobVRjdFJhSjNMN1NQWWFwdQp4d2pueEJZaVhvcmF1eVd2eGNHcU0wVlFlSjNpK2RnOS9XS3R1MDMwZ3A2cFpxN3ZaNG5sWmt3bmtFdWVIcEFIClBQcUp4RUtKZEk2dEp4eFJIUlJwTWxIMEhPK1MvZUZaUDl5cQotLS0tLUVORCBDRVJUSUZJQ0FURS0tLS0tCg=="
              }
            ],
            "created_at": "2021-11-18 16:12:39.882 +0000 UTC",
            "enabled_cluster_log_types": [],
            "endpoint": "https://0C28EF78C249DBB1484F2C5A8A9E72A7.gr7.eu-central-1.eks.amazonaws.com",
            "id": "Raviv-PortfolioEKS",
            "identity": [
              {
                "oidc": [
                  {
                    "issuer": "https://oidc.eks.eu-central-1.amazonaws.com/id/0C28EF78C249DBB1484F2C5A8A9E72A7"
                  }
                ]
              }
            ],
            "kubernetes_network_config": [
              {
                "service_ipv4_cidr": "172.20.0.0/16"
              }
            ],
            "name": "Raviv-PortfolioEKS",
            "platform_version": "eks.3",
            "role_arn": "arn:aws:iam::377834893374:role/Raviv-PortfolioEKS20211118161224842300000002",
            "status": "ACTIVE",
            "tags": {
              "Environment": "training",
              "GithubOrg": "terraform-aws-modules",
              "GithubRepo": "terraform-aws-eks"
            },
            "version": "1.20",
            "vpc_config": [
              {
                "cluster_security_group_id": "sg-04cc6a58a2069baec",
                "endpoint_private_access": false,
                "endpoint_public_access": true,
                "public_access_cidrs": [
                  "0.0.0.0/0"
                ],
                "security_group_ids": [
                  "sg-078db17f6fd068cb1"
                ],
                "subnet_ids": [
                  "subnet-03a163737e8f86e0c",
                  "subnet-041e212bd12d48d2c",
                  "subnet-08aff0bf201cf2663"
                ],
                "vpc_id": "vpc-0f32af9942273795e"
              }
            ]
          },
          "sensitive_attributes": []
        }
      ]
    },
    {
      "mode": "data",
      "type": "aws_eks_cluster_auth",
      "name": "cluster",
      "provider": "provider[\"registry.terraform.io/hashicorp/aws\"]",
      "instances": [
        {
          "schema_version": 0,
          "attributes": {
            "id": "Raviv-PortfolioEKS",
            "name": "Raviv-PortfolioEKS",
            "token": "k8s-aws-v1.aHR0cHM6Ly9zdHMuYW1hem9uYXdzLmNvbS8_QWN0aW9uPUdldENhbGxlcklkZW50aXR5JlZlcnNpb249MjAxMS0wNi0xNSZYLUFtei1BbGdvcml0aG09QVdTNC1ITUFDLVNIQTI1NiZYLUFtei1DcmVkZW50aWFsPUFLSUFWUDZGVzZBN0xDQjU3R0FOJTJGMjAyMTExMTglMkZ1cy1lYXN0LTElMkZzdHMlMkZhd3M0X3JlcXVlc3QmWC1BbXotRGF0ZT0yMDIxMTExOFQxNjM1MDVaJlgtQW16LUV4cGlyZXM9MCZYLUFtei1TaWduZWRIZWFkZXJzPWhvc3QlM0J4LWs4cy1hd3MtaWQmWC1BbXotU2lnbmF0dXJlPTI1NGJkMzVmYjE5MzE0MTQwNWM2NWI1NGI5YmQ0ODQyMWVlMzQ1MWM1ZDBhODQxMzcxMDgxNzljMTk5MWJkZTE"
          },
          "sensitive_attributes": []
        }
      ]
    },
    {
      "mode": "managed",
      "type": "aws_security_group",
      "name": "all_worker_mgmt",
      "provider": "provider[\"registry.terraform.io/hashicorp/aws\"]",
      "instances": [
        {
          "schema_version": 1,
          "attributes": {
            "arn": "arn:aws:ec2:eu-central-1:377834893374:security-group/sg-00282189c4cae5ff3",
            "description": "Managed by Terraform",
            "egress": [],
            "id": "sg-00282189c4cae5ff3",
            "ingress": [
              {
                "cidr_blocks": [
                  "10.0.0.0/8",
                  "172.16.0.0/12",
                  "192.168.0.0/16"
                ],
                "description": "",
                "from_port": 22,
                "ipv6_cidr_blocks": [],
                "prefix_list_ids": [],
                "protocol": "tcp",
                "security_groups": [],
                "self": false,
                "to_port": 22
              }
            ],
            "name": "all_worker_management20211118161236078200000008",
            "name_prefix": "all_worker_management",
            "owner_id": "377834893374",
            "revoke_rules_on_delete": false,
            "tags": {},
            "tags_all": {},
            "timeouts": null,
            "vpc_id": "vpc-0f32af9942273795e"
          },
          "sensitive_attributes": [],
          "private": "eyJlMmJmYjczMC1lY2FhLTExZTYtOGY4OC0zNDM2M2JjN2M0YzAiOnsiY3JlYXRlIjo2MDAwMDAwMDAwMDAsImRlbGV0ZSI6OTAwMDAwMDAwMDAwfSwic2NoZW1hX3ZlcnNpb24iOiIxIn0=",
          "dependencies": [
            "module.vpc.aws_vpc.this"
          ]
        }
      ]
    },
    {
      "mode": "managed",
      "type": "aws_security_group",
      "name": "worker_group_mgmt_one",
      "provider": "provider[\"registry.terraform.io/hashicorp/aws\"]",
      "instances": [
        {
          "schema_version": 1,
          "attributes": {
            "arn": "arn:aws:ec2:eu-central-1:377834893374:security-group/sg-0cee473bc01f6e2a0",
            "description": "Managed by Terraform",
            "egress": [],
            "id": "sg-0cee473bc01f6e2a0",
            "ingress": [
              {
                "cidr_blocks": [
                  "10.0.0.0/8"
                ],
                "description": "",
                "from_port": 22,
                "ipv6_cidr_blocks": [],
                "prefix_list_ids": [],
                "protocol": "tcp",
                "security_groups": [],
                "self": false,
                "to_port": 22
              }
            ],
            "name": "worker_group_mgmt_one20211118161236057700000007",
            "name_prefix": "worker_group_mgmt_one",
            "owner_id": "377834893374",
            "revoke_rules_on_delete": false,
            "tags": {},
            "tags_all": {},
            "timeouts": null,
            "vpc_id": "vpc-0f32af9942273795e"
          },
          "sensitive_attributes": [],
          "private": "eyJlMmJmYjczMC1lY2FhLTExZTYtOGY4OC0zNDM2M2JjN2M0YzAiOnsiY3JlYXRlIjo2MDAwMDAwMDAwMDAsImRlbGV0ZSI6OTAwMDAwMDAwMDAwfSwic2NoZW1hX3ZlcnNpb24iOiIxIn0=",
          "dependencies": [
            "module.vpc.aws_vpc.this"
          ],
          "create_before_destroy": true
        }
      ]
    },
    {
      "mode": "managed",
      "type": "aws_security_group",
      "name": "worker_group_mgmt_two",
      "provider": "provider[\"registry.terraform.io/hashicorp/aws\"]",
      "instances": [
        {
          "schema_version": 1,
          "attributes": {
            "arn": "arn:aws:ec2:eu-central-1:377834893374:security-group/sg-0a338d61c94f8d0c9",
            "description": "Managed by Terraform",
            "egress": [],
            "id": "sg-0a338d61c94f8d0c9",
            "ingress": [
              {
                "cidr_blocks": [
                  "192.168.0.0/16"
                ],
                "description": "",
                "from_port": 22,
                "ipv6_cidr_blocks": [],
                "prefix_list_ids": [],
                "protocol": "tcp",
                "security_groups": [],
                "self": false,
                "to_port": 22
              }
            ],
            "name": "worker_group_mgmt_two2021111816123666560000000b",
            "name_prefix": "worker_group_mgmt_two",
            "owner_id": "377834893374",
            "revoke_rules_on_delete": false,
            "tags": {},
            "tags_all": {},
            "timeouts": null,
            "vpc_id": "vpc-0f32af9942273795e"
          },
          "sensitive_attributes": [],
          "private": "eyJlMmJmYjczMC1lY2FhLTExZTYtOGY4OC0zNDM2M2JjN2M0YzAiOnsiY3JlYXRlIjo2MDAwMDAwMDAwMDAsImRlbGV0ZSI6OTAwMDAwMDAwMDAwfSwic2NoZW1hX3ZlcnNpb24iOiIxIn0=",
          "dependencies": [
            "module.vpc.aws_vpc.this"
          ]
        }
      ]
    },
    {
      "mode": "managed",
      "type": "helm_release",
      "name": "argocd",
      "provider": "provider[\"registry.terraform.io/hashicorp/helm\"]",
      "instances": [
        {
          "schema_version": 0,
          "attributes": {
            "atomic": false,
            "chart": "argo-cd",
            "cleanup_on_fail": false,
            "create_namespace": false,
            "dependency_update": false,
            "description": null,
            "devel": null,
            "disable_crd_hooks": false,
            "disable_openapi_validation": false,
            "disable_webhooks": false,
            "force_update": false,
            "id": "argocd",
            "keyring": null,
            "lint": false,
            "manifest": null,
            "max_history": 0,
            "metadata": [
              {
                "app_version": "v2.1.6",
                "chart": "argo-cd",
                "name": "argocd",
                "namespace": "default",
                "revision": 1,
                "values": "{}",
                "version": "3.26.9"
              }
            ],
            "name": "argocd",
            "namespace": "default",
            "postrender": [],
            "recreate_pods": false,
            "render_subchart_notes": true,
            "replace": false,
            "repository": "https://argoproj.github.io/argo-helm",
            "repository_ca_file": null,
            "repository_cert_file": null,
            "repository_key_file": null,
            "repository_password": null,
            "repository_username": null,
            "reset_values": false,
            "reuse_values": false,
            "set": [],
            "set_sensitive": [],
            "skip_crds": false,
            "status": "deployed",
            "timeout": 300,
            "values": [
              ""
            ],
            "verify": false,
            "version": "3.26.9",
            "wait": true,
            "wait_for_jobs": false
          },
          "sensitive_attributes": [],
          "private": "bnVsbA==",
          "dependencies": [
            "data.aws_eks_cluster.cluster",
            "data.aws_eks_cluster_auth.cluster",
            "helm_release.kibana",
            "helm_release.kube-prometheus-stack"
          ]
        }
      ]
    },
    {
      "mode": "managed",
      "type": "helm_release",
      "name": "elasticsearch",
      "provider": "provider[\"registry.terraform.io/hashicorp/helm\"]",
      "instances": [
        {
          "schema_version": 0,
          "attributes": {
            "atomic": false,
            "chart": "elasticsearch",
            "cleanup_on_fail": false,
            "create_namespace": true,
            "dependency_update": false,
            "description": null,
            "devel": null,
            "disable_crd_hooks": false,
            "disable_openapi_validation": false,
            "disable_webhooks": false,
            "force_update": false,
            "id": "elasticsearch",
            "keyring": null,
            "lint": false,
            "manifest": null,
            "max_history": 0,
            "metadata": [
              {
                "app_version": "7.15.0",
                "chart": "elasticsearch",
                "name": "elasticsearch",
                "namespace": "kube-logging",
                "revision": 1,
                "values": "{\"limits\":{\"cpu\":\"500m\",\"memory\":\"1.0Gi\"},\"minimumMasterNodes\":1,\"replicas\":1,\"requests\":{\"cpu\":\"500m\",\"memory\":\"1.0Gi\"},\"resources\":null}",
                "version": "7.15.0"
              }
            ],
            "name": "elasticsearch",
            "namespace": "kube-logging",
            "postrender": [],
            "recreate_pods": false,
            "render_subchart_notes": true,
            "replace": false,
            "repository": "https://helm.elastic.co",
            "repository_ca_file": null,
            "repository_cert_file": null,
            "repository_key_file": null,
            "repository_password": null,
            "repository_username": null,
            "reset_values": false,
            "reuse_values": false,
            "set": [],
            "set_sensitive": [],
            "skip_crds": false,
            "status": "deployed",
            "timeout": 300,
            "values": [
              "  replicas: 1\n  minimumMasterNodes: 1\n  resources:\n  requests:\n    cpu: \"500m\"\n    memory: \"1.0Gi\"\n  limits:\n    cpu: \"500m\"\n    memory: \"1.0Gi\"\n"
            ],
            "verify": false,
            "version": "7.15.0",
            "wait": true,
            "wait_for_jobs": false
          },
          "sensitive_attributes": [],
          "private": "bnVsbA==",
          "dependencies": [
            "module.eks.aws_security_group.cluster",
            "module.eks.data.aws_partition.current",
            "module.eks.data.http.wait_for_cluster",
            "module.vpc.aws_subnet.private",
            "module.vpc.aws_vpc_ipv4_cidr_block_association.this",
            "data.aws_eks_cluster.cluster",
            "module.eks.aws_iam_role_policy_attachment.cluster_AmazonEKSClusterPolicy",
            "module.eks.aws_security_group_rule.cluster_egress_internet",
            "module.eks.aws_security_group_rule.cluster_private_access_cidrs_source",
            "module.eks.aws_security_group_rule.cluster_private_access_sg_source",
            "module.eks.data.aws_iam_policy_document.cluster_assume_role_policy",
            "module.vpc.aws_vpc.this",
            "module.eks.aws_iam_role.cluster",
            "module.eks.aws_iam_role_policy_attachment.cluster_AmazonEKSServicePolicy",
            "module.eks.data.aws_iam_role.custom_cluster_iam_role",
            "module.eks.aws_eks_cluster.this",
            "data.aws_eks_cluster_auth.cluster",
            "module.eks.aws_cloudwatch_log_group.this",
            "module.eks.aws_iam_role_policy_attachment.cluster_AmazonEKSVPCResourceControllerPolicy",
            "module.eks.aws_security_group.workers",
            "module.eks.aws_security_group_rule.cluster_https_worker_ingress",
            "data.aws_availability_zones.available"
          ]
        }
      ]
    },
    {
      "mode": "managed",
      "type": "helm_release",
      "name": "fluentd",
      "provider": "provider[\"registry.terraform.io/hashicorp/helm\"]",
      "instances": [
        {
          "schema_version": 0,
          "attributes": {
            "atomic": false,
            "chart": "fluentd",
            "cleanup_on_fail": false,
            "create_namespace": true,
            "dependency_update": false,
            "description": null,
            "devel": null,
            "disable_crd_hooks": false,
            "disable_openapi_validation": false,
            "disable_webhooks": false,
            "force_update": false,
            "id": "fluentd",
            "keyring": null,
            "lint": false,
            "manifest": null,
            "max_history": 0,
            "metadata": [
              {
                "app_version": "v1.12.0",
                "chart": "fluentd",
                "name": "fluentd",
                "namespace": "kube-logging",
                "revision": 1,
                "values": "{\"fileConfigs\":{\"01_sources.conf\":\"\\u003csource\\u003e\\n  @id fluentd-containers.log\\n  @type tail\\n  path /var/log/containers/*.log\\n  pos_file /var/log/containers.log.pos\\n  tag raw.kubernetes.*\\n  read_from_head true\\n  \\u003cparse\\u003e\\n    @type multi_format\\n    \\u003cpattern\\u003e\\n      format json\\n      time_key time\\n      time_format %Y-%m-%dT%H:%M:%S.%NZ\\n    \\u003c/pattern\\u003e\\n    \\u003cpattern\\u003e\\n      format /^(?\\u003ctime\\u003e.+) (?\\u003cstream\\u003estdout|stderr) [^ ]* (?\\u003clog\\u003e.*)$/\\n      time_format %Y-%m-%dT%H:%M:%S.%N%:z\\n    \\u003c/pattern\\u003e\\n  \\u003c/parse\\u003e\\n\\u003c/source\\u003e\",\"02_filters.conf\":\"# Detect exceptions in the log output and forward them as one log entry.\\n\\u003cmatch raw.kubernetes.**\\u003e\\n  @id raw.kubernetes\\n  @type detect_exceptions\\n  remove_tag_prefix raw\\n  message log\\n  stream stream\\n  multiline_flush_interval 5\\n  max_bytes 500000\\n  max_lines 1000\\n\\u003c/match\\u003e\\n\\n# Concatenate multi-line logs\\n\\u003cfilter **\\u003e\\n  @id filter_concat\\n  @type concat\\n  key message\\n  multiline_end_regexp /\\\\n$/\\n  separator \\\"\\\"\\n  timeout_label @NORMAL\\n  flush_interval 5\\n\\u003c/filter\\u003e\\n\\n# Enriches records with Kubernetes metadata\\n\\u003cfilter kubernetes.**\\u003e\\n  @id filter_kubernetes_metadata\\n  @type kubernetes_metadata\\n\\u003c/filter\\u003e\\n\\n# Fixes json fields in Elasticsearch\\n\\u003cfilter kubernetes.**\\u003e\\n  @id filter_parser\\n  @type parser\\n  key_name log\\n  reserve_time true\\n  reserve_data true\\n  remove_key_name_field true\\n  \\u003cparse\\u003e\\n    @type multi_format\\n    \\u003cpattern\\u003e\\n      format json\\n    \\u003c/pattern\\u003e\\n    \\u003cpattern\\u003e\\n      format none\\n    \\u003c/pattern\\u003e\\n  \\u003c/parse\\u003e\\n\\u003c/filter\\u003e\",\"03_dispatch.conf\":\"\",\"04_outputs.conf\":\"# handle timeout log lines from concat plugin\\n\\u003cmatch **\\u003e\\n  @type relabel\\n  @label @NORMAL\\n\\u003c/match\\u003e\\n\\n\\u003clabel @NORMAL\\u003e\\n\\u003cmatch **\\u003e\\n  @id elasticsearch\\n  @type elasticsearch\\n  @log_level info\\n  include_tag_key true\\n  host \\\"elasticsearch-master\\\"\\n  port 9200\\n  path \\\"\\\"\\n  scheme http\\n  ssl_verify true\\n  ssl_version TLSv1_2\\n  type_name _doc\\n  logstash_format true\\n  logstash_prefix logstash\\n  reconnect_on_error true\\n  \\u003cbuffer\\u003e\\n    @type file\\n    path /var/log/fluentd-buffers/kubernetes.system.buffer\\n    flush_mode interval\\n    retry_type exponential_backoff\\n    flush_thread_count 2\\n    flush_interval 5s\\n    retry_forever\\n    retry_max_interval 30\\n    chunk_limit_size 2M\\n    queue_limit_length 8\\n    overflow_action block\\n  \\u003c/buffer\\u003e\\n\\u003c/match\\u003e\\n\\u003c/label\\u003e  \"}}",
                "version": "0.3.0"
              }
            ],
            "name": "fluentd",
            "namespace": "kube-logging",
            "postrender": [],
            "recreate_pods": false,
            "render_subchart_notes": true,
            "replace": false,
            "repository": "https://fluent.github.io/helm-charts",
            "repository_ca_file": null,
            "repository_cert_file": null,
            "repository_key_file": null,
            "repository_password": null,
            "repository_username": null,
            "reset_values": false,
            "reuse_values": false,
            "set": [],
            "set_sensitive": [],
            "skip_crds": false,
            "status": "deployed",
            "timeout": 300,
            "values": [
              "  fileConfigs:\n    01_sources.conf: |-\n      \u003csource\u003e\n        @id fluentd-containers.log\n        @type tail\n        path /var/log/containers/*.log\n        pos_file /var/log/containers.log.pos\n        tag raw.kubernetes.*\n        read_from_head true\n        \u003cparse\u003e\n          @type multi_format\n          \u003cpattern\u003e\n            format json\n            time_key time\n            time_format %Y-%m-%dT%H:%M:%S.%NZ\n          \u003c/pattern\u003e\n          \u003cpattern\u003e\n            format /^(?\u003ctime\u003e.+) (?\u003cstream\u003estdout|stderr) [^ ]* (?\u003clog\u003e.*)$/\n            time_format %Y-%m-%dT%H:%M:%S.%N%:z\n          \u003c/pattern\u003e\n        \u003c/parse\u003e\n      \u003c/source\u003e\n\n    02_filters.conf: |-\n      # Detect exceptions in the log output and forward them as one log entry.\n      \u003cmatch raw.kubernetes.**\u003e\n        @id raw.kubernetes\n        @type detect_exceptions\n        remove_tag_prefix raw\n        message log\n        stream stream\n        multiline_flush_interval 5\n        max_bytes 500000\n        max_lines 1000\n      \u003c/match\u003e\n\n      # Concatenate multi-line logs\n      \u003cfilter **\u003e\n        @id filter_concat\n        @type concat\n        key message\n        multiline_end_regexp /\\n$/\n        separator \"\"\n        timeout_label @NORMAL\n        flush_interval 5\n      \u003c/filter\u003e\n\n      # Enriches records with Kubernetes metadata\n      \u003cfilter kubernetes.**\u003e\n        @id filter_kubernetes_metadata\n        @type kubernetes_metadata\n      \u003c/filter\u003e\n\n      # Fixes json fields in Elasticsearch\n      \u003cfilter kubernetes.**\u003e\n        @id filter_parser\n        @type parser\n        key_name log\n        reserve_time true\n        reserve_data true\n        remove_key_name_field true\n        \u003cparse\u003e\n          @type multi_format\n          \u003cpattern\u003e\n            format json\n          \u003c/pattern\u003e\n          \u003cpattern\u003e\n            format none\n          \u003c/pattern\u003e\n        \u003c/parse\u003e\n      \u003c/filter\u003e\n\n    03_dispatch.conf: |-\n\n    04_outputs.conf: |-\n      # handle timeout log lines from concat plugin\n      \u003cmatch **\u003e\n        @type relabel\n        @label @NORMAL\n      \u003c/match\u003e\n\n      \u003clabel @NORMAL\u003e\n      \u003cmatch **\u003e\n        @id elasticsearch\n        @type elasticsearch\n        @log_level info\n        include_tag_key true\n        host \"elasticsearch-master\"\n        port 9200\n        path \"\"\n        scheme http\n        ssl_verify true\n        ssl_version TLSv1_2\n        type_name _doc\n        logstash_format true\n        logstash_prefix logstash\n        reconnect_on_error true\n        \u003cbuffer\u003e\n          @type file\n          path /var/log/fluentd-buffers/kubernetes.system.buffer\n          flush_mode interval\n          retry_type exponential_backoff\n          flush_thread_count 2\n          flush_interval 5s\n          retry_forever\n          retry_max_interval 30\n          chunk_limit_size 2M\n          queue_limit_length 8\n          overflow_action block\n        \u003c/buffer\u003e\n      \u003c/match\u003e\n      \u003c/label\u003e  \n"
            ],
            "verify": false,
            "version": "0.3.0",
            "wait": true,
            "wait_for_jobs": false
          },
          "sensitive_attributes": [],
          "private": "bnVsbA==",
          "dependencies": [
            "module.eks.aws_iam_role_policy_attachment.cluster_AmazonEKSServicePolicy",
            "module.eks.aws_iam_role_policy_attachment.cluster_AmazonEKSVPCResourceControllerPolicy",
            "module.eks.aws_security_group_rule.cluster_private_access_cidrs_source",
            "module.eks.data.aws_iam_policy_document.cluster_assume_role_policy",
            "data.aws_availability_zones.available",
            "module.eks.aws_eks_cluster.this",
            "module.eks.aws_security_group.cluster",
            "module.eks.data.http.wait_for_cluster",
            "module.vpc.aws_subnet.private",
            "module.vpc.aws_vpc.this",
            "module.eks.data.aws_iam_role.custom_cluster_iam_role",
            "data.aws_eks_cluster.cluster",
            "data.aws_eks_cluster_auth.cluster",
            "helm_release.elasticsearch",
            "module.eks.aws_cloudwatch_log_group.this",
            "module.eks.aws_iam_role.cluster",
            "module.eks.aws_iam_role_policy_attachment.cluster_AmazonEKSClusterPolicy",
            "module.eks.aws_security_group_rule.cluster_https_worker_ingress",
            "module.vpc.aws_vpc_ipv4_cidr_block_association.this",
            "module.eks.aws_security_group.workers",
            "module.eks.aws_security_group_rule.cluster_egress_internet",
            "module.eks.aws_security_group_rule.cluster_private_access_sg_source",
            "module.eks.data.aws_partition.current"
          ]
        }
      ]
    },
    {
      "mode": "managed",
      "type": "helm_release",
      "name": "kibana",
      "provider": "provider[\"registry.terraform.io/hashicorp/helm\"]",
      "instances": [
        {
          "schema_version": 0,
          "attributes": {
            "atomic": false,
            "chart": "kibana",
            "cleanup_on_fail": false,
            "create_namespace": true,
            "dependency_update": false,
            "description": null,
            "devel": null,
            "disable_crd_hooks": false,
            "disable_openapi_validation": false,
            "disable_webhooks": false,
            "force_update": false,
            "id": "kibana",
            "keyring": null,
            "lint": false,
            "manifest": null,
            "max_history": 0,
            "metadata": [
              {
                "app_version": "7.15.0",
                "chart": "kibana",
                "name": "kibana",
                "namespace": "kube-logging",
                "revision": 1,
                "values": "{\"limits\":{\"cpu\":\"500m\",\"memory\":\"1.0Gi\"},\"replicas\":1,\"requests\":{\"cpu\":\"400m\",\"memory\":\"0.5Gi\"},\"resources\":null}",
                "version": "7.15.0"
              }
            ],
            "name": "kibana",
            "namespace": "kube-logging",
            "postrender": [],
            "recreate_pods": false,
            "render_subchart_notes": true,
            "replace": false,
            "repository": "https://helm.elastic.co",
            "repository_ca_file": null,
            "repository_cert_file": null,
            "repository_key_file": null,
            "repository_password": null,
            "repository_username": null,
            "reset_values": false,
            "reuse_values": false,
            "set": [],
            "set_sensitive": [],
            "skip_crds": false,
            "status": "deployed",
            "timeout": 300,
            "values": [
              "  replicas: 1\n  resources:\n  requests:\n    cpu: \"400m\"\n    memory: \"0.5Gi\"\n  limits:\n    cpu: \"500m\"\n    memory: \"1.0Gi\"\n"
            ],
            "verify": false,
            "version": "7.15.0",
            "wait": true,
            "wait_for_jobs": false
          },
          "sensitive_attributes": [],
          "private": "bnVsbA==",
          "dependencies": [
            "data.aws_eks_cluster_auth.cluster",
            "helm_release.elasticsearch",
            "module.eks.aws_eks_cluster.this",
            "module.eks.aws_iam_role_policy_attachment.cluster_AmazonEKSServicePolicy",
            "module.eks.aws_security_group_rule.cluster_private_access_sg_source",
            "module.eks.data.aws_iam_policy_document.cluster_assume_role_policy",
            "helm_release.fluentd",
            "module.eks.aws_security_group.cluster",
            "module.eks.aws_security_group_rule.cluster_egress_internet",
            "module.vpc.aws_vpc.this",
            "data.aws_availability_zones.available",
            "module.eks.aws_iam_role_policy_attachment.cluster_AmazonEKSVPCResourceControllerPolicy",
            "data.aws_eks_cluster.cluster",
            "module.eks.aws_cloudwatch_log_group.this",
            "module.eks.aws_iam_role.cluster",
            "module.eks.aws_iam_role_policy_attachment.cluster_AmazonEKSClusterPolicy",
            "module.eks.aws_security_group.workers",
            "module.eks.aws_security_group_rule.cluster_https_worker_ingress",
            "module.eks.aws_security_group_rule.cluster_private_access_cidrs_source",
            "module.eks.data.aws_iam_role.custom_cluster_iam_role",
            "module.eks.data.aws_partition.current",
            "module.eks.data.http.wait_for_cluster",
            "module.vpc.aws_subnet.private",
            "module.vpc.aws_vpc_ipv4_cidr_block_association.this"
          ]
        }
      ]
    },
    {
      "mode": "managed",
      "type": "helm_release",
      "name": "kube-prometheus-stack",
      "provider": "provider[\"registry.terraform.io/hashicorp/helm\"]",
      "instances": [
        {
          "schema_version": 0,
          "attributes": {
            "atomic": false,
            "chart": "kube-prometheus-stack",
            "cleanup_on_fail": false,
            "create_namespace": true,
            "dependency_update": false,
            "description": null,
            "devel": null,
            "disable_crd_hooks": false,
            "disable_openapi_validation": false,
            "disable_webhooks": false,
            "force_update": false,
            "id": "kube-prometheus-stack",
            "keyring": null,
            "lint": false,
            "manifest": null,
            "max_history": 0,
            "metadata": [
              {
                "app_version": "0.52.0",
                "chart": "kube-prometheus-stack",
                "name": "kube-prometheus-stack",
                "namespace": "kube-prometheus",
                "revision": 1,
                "values": "{\"limits\":{\"cpu\":\"500m\",\"memory\":\"1.0Gi\"},\"requests\":{\"cpu\":\"500m\",\"memory\":\"1.0Gi\"},\"resources\":null}",
                "version": "20.0.1"
              }
            ],
            "name": "kube-prometheus-stack",
            "namespace": "kube-prometheus",
            "postrender": [],
            "recreate_pods": false,
            "render_subchart_notes": true,
            "replace": false,
            "repository": "https://prometheus-community.github.io/helm-charts",
            "repository_ca_file": null,
            "repository_cert_file": null,
            "repository_key_file": null,
            "repository_password": null,
            "repository_username": null,
            "reset_values": false,
            "reuse_values": false,
            "set": [],
            "set_sensitive": [],
            "skip_crds": false,
            "status": "deployed",
            "timeout": 300,
            "values": [
              "  resources:\n  requests:\n    cpu: \"500m\"\n    memory: \"1.0Gi\"\n  limits:\n    cpu: \"500m\"\n    memory: \"1.0Gi\"\n"
            ],
            "verify": false,
            "version": "20.0.1",
            "wait": true,
            "wait_for_jobs": false
          },
          "sensitive_attributes": [],
          "private": "bnVsbA==",
          "dependencies": [
            "data.aws_eks_cluster.cluster",
            "data.aws_eks_cluster_auth.cluster",
            "helm_release.kibana"
          ]
        }
      ]
    },
    {
      "mode": "managed",
      "type": "helm_release",
      "name": "portfolio",
      "provider": "provider[\"registry.terraform.io/hashicorp/helm\"]",
      "instances": [
        {
          "schema_version": 0,
          "attributes": {
            "atomic": false,
            "chart": "./portfoliochart",
            "cleanup_on_fail": false,
            "create_namespace": false,
            "dependency_update": false,
            "description": null,
            "devel": null,
            "disable_crd_hooks": false,
            "disable_openapi_validation": false,
            "disable_webhooks": false,
            "force_update": false,
            "id": "portfolio",
            "keyring": null,
            "lint": false,
            "manifest": null,
            "max_history": 0,
            "metadata": [
              {
                "app_version": "1.16.0",
                "chart": "ravivecho",
                "name": "portfolio",
                "namespace": "default",
                "revision": 1,
                "values": "{}",
                "version": "0.1.0"
              }
            ],
            "name": "portfolio",
            "namespace": "default",
            "postrender": [],
            "recreate_pods": false,
            "render_subchart_notes": true,
            "replace": false,
            "repository": null,
            "repository_ca_file": null,
            "repository_cert_file": null,
            "repository_key_file": null,
            "repository_password": null,
            "repository_username": null,
            "reset_values": false,
            "reuse_values": false,
            "set": [],
            "set_sensitive": [],
            "skip_crds": false,
            "status": "deployed",
            "timeout": 300,
            "values": [
              ""
            ],
            "verify": false,
            "version": "0.1.0",
            "wait": true,
            "wait_for_jobs": false
          },
          "sensitive_attributes": [],
          "private": "bnVsbA==",
          "dependencies": [
            "data.aws_eks_cluster.cluster",
            "data.aws_eks_cluster_auth.cluster",
            "helm_release.argocd",
            "helm_release.kibana",
            "helm_release.kube-prometheus-stack"
          ]
        }
      ]
    },
    {
      "mode": "managed",
      "type": "null_resource",
      "name": "logging",
      "provider": "provider[\"registry.terraform.io/hashicorp/null\"]",
      "instances": [
        {
          "schema_version": 0,
          "attributes": {
            "id": "187077913173311152",
            "triggers": null
          },
          "sensitive_attributes": [],
          "private": "bnVsbA==",
          "dependencies": [
            "aws_security_group.worker_group_mgmt_one",
            "data.aws_eks_cluster.cluster",
            "data.aws_eks_cluster_auth.cluster",
            "module.eks.aws_autoscaling_group.workers",
            "module.eks.aws_autoscaling_group.workers_launch_template",
            "module.eks.aws_cloudwatch_log_group.this",
            "module.eks.aws_eks_cluster.this",
            "module.eks.aws_iam_instance_profile.workers",
            "module.eks.aws_iam_instance_profile.workers_launch_template",
            "module.eks.aws_iam_openid_connect_provider.oidc_provider",
            "module.eks.aws_iam_policy.cluster_elb_sl_role_creation",
            "module.eks.aws_iam_role.cluster",
            "module.eks.aws_iam_role.workers",
            "module.eks.aws_iam_role_policy_attachment.cluster_AmazonEKSClusterPolicy",
            "module.eks.aws_iam_role_policy_attachment.cluster_AmazonEKSServicePolicy",
            "module.eks.aws_iam_role_policy_attachment.cluster_AmazonEKSVPCResourceControllerPolicy",
            "module.eks.aws_iam_role_policy_attachment.cluster_elb_sl_role_creation",
            "module.eks.aws_iam_role_policy_attachment.workers_AmazonEC2ContainerRegistryReadOnly",
            "module.eks.aws_iam_role_policy_attachment.workers_AmazonEKSWorkerNodePolicy",
            "module.eks.aws_iam_role_policy_attachment.workers_AmazonEKS_CNI_Policy",
            "module.eks.aws_iam_role_policy_attachment.workers_additional_policies",
            "module.eks.aws_launch_configuration.workers",
            "module.eks.aws_launch_template.workers_launch_template",
            "module.eks.aws_security_group.cluster",
            "module.eks.aws_security_group.workers",
            "module.eks.aws_security_group_rule.cluster_egress_internet",
            "module.eks.aws_security_group_rule.cluster_https_worker_ingress",
            "module.eks.aws_security_group_rule.cluster_primary_ingress_workers",
            "module.eks.aws_security_group_rule.cluster_private_access_cidrs_source",
            "module.eks.aws_security_group_rule.cluster_private_access_sg_source",
            "module.eks.aws_security_group_rule.workers_egress_internet",
            "module.eks.aws_security_group_rule.workers_ingress_cluster",
            "module.eks.aws_security_group_rule.workers_ingress_cluster_https",
            "module.eks.aws_security_group_rule.workers_ingress_cluster_kubelet",
            "module.eks.aws_security_group_rule.workers_ingress_cluster_primary",
            "module.eks.aws_security_group_rule.workers_ingress_self",
            "module.eks.data.aws_ami.eks_worker",
            "module.eks.data.aws_ami.eks_worker_windows",
            "module.eks.data.aws_caller_identity.current",
            "module.eks.data.aws_iam_instance_profile.custom_worker_group_iam_instance_profile",
            "module.eks.data.aws_iam_instance_profile.custom_worker_group_launch_template_iam_instance_profile",
            "module.eks.data.aws_iam_policy_document.cluster_assume_role_policy",
            "module.eks.data.aws_iam_policy_document.cluster_elb_sl_role_creation",
            "module.eks.data.aws_iam_policy_document.workers_assume_role_policy",
            "module.eks.data.aws_iam_role.custom_cluster_iam_role",
            "module.eks.data.aws_partition.current",
            "module.eks.data.http.wait_for_cluster",
            "module.eks.kubernetes_config_map.aws_auth",
            "module.eks.local_file.kubeconfig",
            "module.eks.module.fargate.aws_eks_fargate_profile.this",
            "module.eks.module.fargate.aws_iam_role.eks_fargate_pod",
            "module.eks.module.fargate.aws_iam_role_policy_attachment.eks_fargate_pod",
            "module.eks.module.fargate.data.aws_iam_policy_document.eks_fargate_pod_assume_role",
            "module.eks.module.fargate.data.aws_iam_role.custom_fargate_iam_role",
            "module.eks.module.fargate.data.aws_partition.current",
            "module.eks.module.node_groups.aws_eks_node_group.workers",
            "module.eks.module.node_groups.aws_launch_template.workers",
            "module.eks.module.node_groups.data.cloudinit_config.workers_userdata",
            "module.vpc.aws_subnet.private",
            "module.vpc.aws_vpc.this"
          ]
        }
      ]
    },
    {
      "module": "module.eks",
      "mode": "data",
      "type": "aws_ami",
      "name": "eks_worker",
      "provider": "provider[\"registry.terraform.io/hashicorp/aws\"]",
      "instances": [
        {
          "index_key": 0,
          "schema_version": 0,
          "attributes": {
            "architecture": "x86_64",
            "arn": "arn:aws:ec2:eu-central-1::image/ami-03f68e6694037a1bf",
            "block_device_mappings": [
              {
                "device_name": "/dev/xvda",
                "ebs": {
                  "delete_on_termination": "true",
                  "encrypted": "false",
                  "iops": "0",
                  "snapshot_id": "snap-0f5f922a0d4aeb3b8",
                  "throughput": "0",
                  "volume_size": "20",
                  "volume_type": "gp2"
                },
                "no_device": "",
                "virtual_name": ""
              }
            ],
            "creation_date": "2021-11-09T23:14:00.000Z",
            "description": "EKS Kubernetes Worker AMI with AmazonLinux2 image, (k8s: 1.20.11, docker: 20.10.7-3.amzn2, containerd: 1.4.6-3.amzn2)",
            "ena_support": true,
            "executable_users": null,
            "filter": [
              {
                "name": "name",
                "values": [
                  "amazon-eks-node-1.20-v*"
                ]
              }
            ],
            "hypervisor": "xen",
            "id": "ami-03f68e6694037a1bf",
            "image_id": "ami-03f68e6694037a1bf",
            "image_location": "amazon/amazon-eks-node-1.20-v20211109",
            "image_owner_alias": "amazon",
            "image_type": "machine",
            "kernel_id": null,
            "most_recent": true,
            "name": "amazon-eks-node-1.20-v20211109",
            "name_regex": null,
            "owner_id": "602401143452",
            "owners": [
              "amazon"
            ],
            "platform": null,
            "platform_details": "Linux/UNIX",
            "product_codes": [],
            "public": true,
            "ramdisk_id": null,
            "root_device_name": "/dev/xvda",
            "root_device_type": "ebs",
            "root_snapshot_id": "snap-0f5f922a0d4aeb3b8",
            "sriov_net_support": "simple",
            "state": "available",
            "state_reason": {
              "code": "UNSET",
              "message": "UNSET"
            },
            "tags": {},
            "usage_operation": "RunInstances",
            "virtualization_type": "hvm"
          },
          "sensitive_attributes": []
        }
      ]
    },
    {
      "module": "module.eks",
      "mode": "data",
      "type": "aws_caller_identity",
      "name": "current",
      "provider": "provider[\"registry.terraform.io/hashicorp/aws\"]",
      "instances": [
        {
          "schema_version": 0,
          "attributes": {
            "account_id": "377834893374",
            "arn": "arn:aws:iam::377834893374:user/raviv",
            "id": "377834893374",
            "user_id": "AIDAVP6FW6A7CP2LL6WWL"
          },
          "sensitive_attributes": []
        }
      ]
    },
    {
      "module": "module.eks",
      "mode": "data",
      "type": "aws_iam_policy_document",
      "name": "cluster_assume_role_policy",
      "provider": "provider[\"registry.terraform.io/hashicorp/aws\"]",
      "instances": [
        {
          "schema_version": 0,
          "attributes": {
            "id": "2764486067",
            "json": "{\n  \"Version\": \"2012-10-17\",\n  \"Statement\": [\n    {\n      \"Sid\": \"EKSClusterAssumeRole\",\n      \"Effect\": \"Allow\",\n      \"Action\": \"sts:AssumeRole\",\n      \"Principal\": {\n        \"Service\": \"eks.amazonaws.com\"\n      }\n    }\n  ]\n}",
            "override_json": null,
            "override_policy_documents": null,
            "policy_id": null,
            "source_json": null,
            "source_policy_documents": null,
            "statement": [
              {
                "actions": [
                  "sts:AssumeRole"
                ],
                "condition": [],
                "effect": "Allow",
                "not_actions": [],
                "not_principals": [],
                "not_resources": [],
                "principals": [
                  {
                    "identifiers": [
                      "eks.amazonaws.com"
                    ],
                    "type": "Service"
                  }
                ],
                "resources": [],
                "sid": "EKSClusterAssumeRole"
              }
            ],
            "version": "2012-10-17"
          },
          "sensitive_attributes": []
        }
      ]
    },
    {
      "module": "module.eks",
      "mode": "data",
      "type": "aws_iam_policy_document",
      "name": "cluster_elb_sl_role_creation",
      "provider": "provider[\"registry.terraform.io/hashicorp/aws\"]",
      "instances": [
        {
          "index_key": 0,
          "schema_version": 0,
          "attributes": {
            "id": "3709839417",
            "json": "{\n  \"Version\": \"2012-10-17\",\n  \"Statement\": [\n    {\n      \"Sid\": \"\",\n      \"Effect\": \"Allow\",\n      \"Action\": [\n        \"ec2:DescribeInternetGateways\",\n        \"ec2:DescribeAddresses\",\n        \"ec2:DescribeAccountAttributes\"\n      ],\n      \"Resource\": \"*\"\n    }\n  ]\n}",
            "override_json": null,
            "override_policy_documents": null,
            "policy_id": null,
            "source_json": null,
            "source_policy_documents": null,
            "statement": [
              {
                "actions": [
                  "ec2:DescribeAccountAttributes",
                  "ec2:DescribeAddresses",
                  "ec2:DescribeInternetGateways"
                ],
                "condition": [],
                "effect": "Allow",
                "not_actions": [],
                "not_principals": [],
                "not_resources": [],
                "principals": [],
                "resources": [
                  "*"
                ],
                "sid": ""
              }
            ],
            "version": "2012-10-17"
          },
          "sensitive_attributes": []
        }
      ]
    },
    {
      "module": "module.eks",
      "mode": "data",
      "type": "aws_iam_policy_document",
      "name": "workers_assume_role_policy",
      "provider": "provider[\"registry.terraform.io/hashicorp/aws\"]",
      "instances": [
        {
          "schema_version": 0,
          "attributes": {
            "id": "3778018924",
            "json": "{\n  \"Version\": \"2012-10-17\",\n  \"Statement\": [\n    {\n      \"Sid\": \"EKSWorkerAssumeRole\",\n      \"Effect\": \"Allow\",\n      \"Action\": \"sts:AssumeRole\",\n      \"Principal\": {\n        \"Service\": \"ec2.amazonaws.com\"\n      }\n    }\n  ]\n}",
            "override_json": null,
            "override_policy_documents": null,
            "policy_id": null,
            "source_json": null,
            "source_policy_documents": null,
            "statement": [
              {
                "actions": [
                  "sts:AssumeRole"
                ],
                "condition": [],
                "effect": "Allow",
                "not_actions": [],
                "not_principals": [],
                "not_resources": [],
                "principals": [
                  {
                    "identifiers": [
                      "ec2.amazonaws.com"
                    ],
                    "type": "Service"
                  }
                ],
                "resources": [],
                "sid": "EKSWorkerAssumeRole"
              }
            ],
            "version": "2012-10-17"
          },
          "sensitive_attributes": []
        }
      ]
    },
    {
      "module": "module.eks",
      "mode": "data",
      "type": "aws_partition",
      "name": "current",
      "provider": "provider[\"registry.terraform.io/hashicorp/aws\"]",
      "instances": [
        {
          "schema_version": 0,
          "attributes": {
            "dns_suffix": "amazonaws.com",
            "id": "aws",
            "partition": "aws",
            "reverse_dns_prefix": "com.amazonaws"
          },
          "sensitive_attributes": []
        }
      ]
    },
    {
      "module": "module.eks",
      "mode": "data",
      "type": "http",
      "name": "wait_for_cluster",
      "provider": "provider[\"registry.terraform.io/terraform-aws-modules/http\"]",
      "instances": [
        {
          "index_key": 0,
          "schema_version": 0,
          "attributes": {
            "body": "ok",
            "ca_certificate": "-----BEGIN CERTIFICATE-----\nMIIC5zCCAc+gAwIBAgIBADANBgkqhkiG9w0BAQsFADAVMRMwEQYDVQQDEwprdWJl\ncm5ldGVzMB4XDTIxMTExODE2MTkyNVoXDTMxMTExNjE2MTkyNVowFTETMBEGA1UE\nAxMKa3ViZXJuZXRlczCCASIwDQYJKoZIhvcNAQEBBQADggEPADCCAQoCggEBAKeX\nyedjT+5phAV8kjCb6SkctrPMRLkgj2jn1P/YhHmOaYq2WTxv7ngmcAJMWxiKmpf9\nUWTDlI3PSK3MfOzC/CXerAWbXZIQ33KdYPXGfr6g4fvIplxNT6NKgB2DSb4UQ4iA\nzDvym0O91m77ST4k5fEtEdgA/uZ4BE5ApsuH2CVCNFGwJSoZrLCp7UmxRATqvbRy\nJfKR3klexN1/u3s6ItUAi+4FwFhqTlyd3rVUZ8ACFY2uY1L8m/ZUxiTi6fekd/BQ\nZD0KbLVsF2LZo6ZWQTjd50b45p1TfWUALj3lO8RBnCSBYkMFOWnRUxinxYbcWQYB\nYjwwtXy3jsZex+rj/BECAwEAAaNCMEAwDgYDVR0PAQH/BAQDAgKkMA8GA1UdEwEB\n/wQFMAMBAf8wHQYDVR0OBBYEFNmUAgM/61dlh4x26i9FTjffx4L3MA0GCSqGSIb3\nDQEBCwUAA4IBAQBSLqaF41rfO4YEYGW8Ai7Ldjdv1KLLSMjsifieSeHs8gpi4ZHR\nte5D4VzjzOnGaF5XHooeFYeT/AsD7yDR8QtF5EMAQuhq/Xy6RjFekHUDBOxvW67F\nF3LiV/uFa5s5WRb4LBFwVuA+i/ic5SgbyvNJ8jZ7viIpmmlXIdpd+cDCxrojnOnv\nILEQeujIh0CcLC4STfpaCiDHO/WxI+MD1WfJqq3SdeycbgvhmTctRaJ3L7SPYapu\nxwjnxBYiXorauyWvxcGqM0VQeJ3i+dg9/WKtu030gp6pZq7vZ4nlZkwnkEueHpAH\nPPqJxEKJdI6tJxxRHRRpMlH0HO+S/eFZP9yq\n-----END CERTIFICATE-----\n",
            "id": "https://0C28EF78C249DBB1484F2C5A8A9E72A7.gr7.eu-central-1.eks.amazonaws.com/healthz",
            "insecure": false,
            "request_headers": null,
            "response_headers": {
              "Cache-Control": "no-cache, private",
              "Content-Length": "2",
              "Content-Type": "text/plain; charset=utf-8",
              "Date": "Thu, 18 Nov 2021 16:35:05 GMT",
              "X-Content-Type-Options": "nosniff",
              "X-Kubernetes-Pf-Flowschema-Uid": "87909b5d-3147-4a57-8b4b-7ae07866b974",
              "X-Kubernetes-Pf-Prioritylevel-Uid": "4013765b-39c6-47a9-a7ea-fe1a19e4aa90"
            },
            "timeout": 300,
            "url": "https://0C28EF78C249DBB1484F2C5A8A9E72A7.gr7.eu-central-1.eks.amazonaws.com/healthz"
          },
          "sensitive_attributes": []
        }
      ]
    },
    {
      "module": "module.eks",
      "mode": "managed",
      "type": "aws_autoscaling_group",
      "name": "workers",
      "provider": "provider[\"registry.terraform.io/hashicorp/aws\"]",
      "instances": [
        {
          "index_key": 0,
          "schema_version": 0,
          "attributes": {
            "arn": "arn:aws:autoscaling:eu-central-1:377834893374:autoScalingGroup:af5eb209-e303-4ef5-9759-a33fb0602c80:autoScalingGroupName/Raviv-PortfolioEKS-worker-group-120211118162423133200000016",
            "availability_zones": [
              "eu-central-1a",
              "eu-central-1b",
              "eu-central-1c"
            ],
            "capacity_rebalance": false,
            "default_cooldown": 300,
            "desired_capacity": 3,
            "enabled_metrics": [],
            "force_delete": false,
            "force_delete_warm_pool": false,
            "health_check_grace_period": 300,
            "health_check_type": "EC2",
            "id": "Raviv-PortfolioEKS-worker-group-120211118162423133200000016",
            "initial_lifecycle_hook": [],
            "instance_refresh": [],
            "launch_configuration": "Raviv-PortfolioEKS-worker-group-120211118162414851900000015",
            "launch_template": [],
            "load_balancers": [],
            "max_instance_lifetime": 0,
            "max_size": 3,
            "metrics_granularity": "1Minute",
            "min_elb_capacity": null,
            "min_size": 1,
            "mixed_instances_policy": [],
            "name": "Raviv-PortfolioEKS-worker-group-120211118162423133200000016",
            "name_prefix": "Raviv-PortfolioEKS-worker-group-1",
            "placement_group": "",
            "protect_from_scale_in": false,
            "service_linked_role_arn": "arn:aws:iam::377834893374:role/aws-service-role/autoscaling.amazonaws.com/AWSServiceRoleForAutoScaling",
            "suspended_processes": [
              "AZRebalance"
            ],
            "tag": [
              {
                "key": "Environment",
                "propagate_at_launch": true,
                "value": "training"
              },
              {
                "key": "GithubOrg",
                "propagate_at_launch": true,
                "value": "terraform-aws-modules"
              },
              {
                "key": "GithubRepo",
                "propagate_at_launch": true,
                "value": "terraform-aws-eks"
              },
              {
                "key": "Name",
                "propagate_at_launch": true,
                "value": "Raviv-PortfolioEKS-worker-group-1-eks_asg"
              },
              {
                "key": "k8s.io/cluster/Raviv-PortfolioEKS",
                "propagate_at_launch": true,
                "value": "owned"
              },
              {
                "key": "kubernetes.io/cluster/Raviv-PortfolioEKS",
                "propagate_at_launch": true,
                "value": "owned"
              }
            ],
            "tags": null,
            "target_group_arns": [],
            "termination_policies": [],
            "timeouts": null,
            "vpc_zone_identifier": [
              "subnet-03a163737e8f86e0c",
              "subnet-041e212bd12d48d2c",
              "subnet-08aff0bf201cf2663"
            ],
            "wait_for_capacity_timeout": "10m",
            "wait_for_elb_capacity": null,
            "warm_pool": []
          },
          "sensitive_attributes": [],
          "private": "eyJlMmJmYjczMC1lY2FhLTExZTYtOGY4OC0zNDM2M2JjN2M0YzAiOnsiZGVsZXRlIjo2MDAwMDAwMDAwMDB9fQ==",
          "dependencies": [
            "module.eks.data.aws_iam_instance_profile.custom_worker_group_iam_instance_profile",
            "module.eks.data.aws_iam_role.custom_cluster_iam_role",
            "module.eks.aws_iam_instance_profile.workers",
            "module.eks.aws_iam_role_policy_attachment.cluster_AmazonEKSVPCResourceControllerPolicy",
            "module.eks.aws_security_group.cluster",
            "module.eks.aws_security_group_rule.workers_egress_internet",
            "module.eks.aws_security_group_rule.workers_ingress_cluster_kubelet",
            "module.eks.aws_security_group_rule.workers_ingress_cluster_primary",
            "module.eks.aws_iam_role_policy_attachment.cluster_AmazonEKSClusterPolicy",
            "module.eks.aws_iam_role_policy_attachment.workers_AmazonEC2ContainerRegistryReadOnly",
            "module.eks.aws_iam_role_policy_attachment.workers_AmazonEKS_CNI_Policy",
            "module.eks.data.aws_ami.eks_worker_windows",
            "module.eks.data.aws_iam_policy_document.workers_assume_role_policy",
            "module.eks.aws_security_group.workers",
            "module.eks.aws_security_group_rule.cluster_primary_ingress_workers",
            "module.eks.data.aws_ami.eks_worker",
            "module.eks.data.aws_partition.current",
            "aws_security_group.worker_group_mgmt_one",
            "data.aws_availability_zones.available",
            "module.vpc.aws_vpc_ipv4_cidr_block_association.this",
            "module.eks.aws_cloudwatch_log_group.this",
            "module.eks.aws_security_group_rule.cluster_https_worker_ingress",
            "module.eks.aws_security_group_rule.workers_ingress_cluster",
            "module.eks.aws_security_group_rule.workers_ingress_self",
            "module.eks.aws_iam_role.cluster",
            "module.eks.aws_iam_role_policy_attachment.workers_additional_policies",
            "module.eks.data.aws_iam_policy_document.cluster_assume_role_policy",
            "module.vpc.aws_subnet.private",
            "module.vpc.aws_vpc.this",
            "module.eks.aws_eks_cluster.this",
            "module.eks.aws_security_group_rule.cluster_egress_internet",
            "module.eks.aws_security_group_rule.workers_ingress_cluster_https",
            "module.eks.aws_iam_role.workers",
            "module.eks.aws_iam_role_policy_attachment.cluster_AmazonEKSServicePolicy",
            "module.eks.aws_iam_role_policy_attachment.workers_AmazonEKSWorkerNodePolicy",
            "module.eks.aws_launch_configuration.workers"
          ],
          "create_before_destroy": true
        },
        {
          "index_key": 1,
          "schema_version": 0,
          "attributes": {
            "arn": "arn:aws:autoscaling:eu-central-1:377834893374:autoScalingGroup:97e5f7e5-f835-43b6-abea-8141b8bb57e2:autoScalingGroupName/Raviv-PortfolioEKS-worker-group-220211118162423140600000018",
            "availability_zones": [
              "eu-central-1a",
              "eu-central-1b",
              "eu-central-1c"
            ],
            "capacity_rebalance": false,
            "default_cooldown": 300,
            "desired_capacity": 3,
            "enabled_metrics": [],
            "force_delete": false,
            "force_delete_warm_pool": false,
            "health_check_grace_period": 300,
            "health_check_type": "EC2",
            "id": "Raviv-PortfolioEKS-worker-group-220211118162423140600000018",
            "initial_lifecycle_hook": [],
            "instance_refresh": [],
            "launch_configuration": "Raviv-PortfolioEKS-worker-group-220211118162414849500000014",
            "launch_template": [],
            "load_balancers": [],
            "max_instance_lifetime": 0,
            "max_size": 3,
            "metrics_granularity": "1Minute",
            "min_elb_capacity": null,
            "min_size": 1,
            "mixed_instances_policy": [],
            "name": "Raviv-PortfolioEKS-worker-group-220211118162423140600000018",
            "name_prefix": "Raviv-PortfolioEKS-worker-group-2",
            "placement_group": "",
            "protect_from_scale_in": false,
            "service_linked_role_arn": "arn:aws:iam::377834893374:role/aws-service-role/autoscaling.amazonaws.com/AWSServiceRoleForAutoScaling",
            "suspended_processes": [
              "AZRebalance"
            ],
            "tag": [
              {
                "key": "Environment",
                "propagate_at_launch": true,
                "value": "training"
              },
              {
                "key": "GithubOrg",
                "propagate_at_launch": true,
                "value": "terraform-aws-modules"
              },
              {
                "key": "GithubRepo",
                "propagate_at_launch": true,
                "value": "terraform-aws-eks"
              },
              {
                "key": "Name",
                "propagate_at_launch": true,
                "value": "Raviv-PortfolioEKS-worker-group-2-eks_asg"
              },
              {
                "key": "k8s.io/cluster/Raviv-PortfolioEKS",
                "propagate_at_launch": true,
                "value": "owned"
              },
              {
                "key": "kubernetes.io/cluster/Raviv-PortfolioEKS",
                "propagate_at_launch": true,
                "value": "owned"
              }
            ],
            "tags": null,
            "target_group_arns": [],
            "termination_policies": [],
            "timeouts": null,
            "vpc_zone_identifier": [
              "subnet-03a163737e8f86e0c",
              "subnet-041e212bd12d48d2c",
              "subnet-08aff0bf201cf2663"
            ],
            "wait_for_capacity_timeout": "10m",
            "wait_for_elb_capacity": null,
            "warm_pool": []
          },
          "sensitive_attributes": [],
          "private": "eyJlMmJmYjczMC1lY2FhLTExZTYtOGY4OC0zNDM2M2JjN2M0YzAiOnsiZGVsZXRlIjo2MDAwMDAwMDAwMDB9fQ==",
          "dependencies": [
            "module.eks.aws_iam_instance_profile.workers",
            "module.eks.aws_security_group_rule.workers_ingress_cluster_https",
            "module.eks.aws_security_group_rule.workers_ingress_cluster_kubelet",
            "module.eks.data.aws_iam_policy_document.cluster_assume_role_policy",
            "module.vpc.aws_vpc_ipv4_cidr_block_association.this",
            "module.eks.aws_iam_role_policy_attachment.cluster_AmazonEKSClusterPolicy",
            "module.eks.aws_iam_role_policy_attachment.workers_AmazonEC2ContainerRegistryReadOnly",
            "module.eks.aws_cloudwatch_log_group.this",
            "module.eks.aws_iam_role.workers",
            "module.eks.aws_iam_role_policy_attachment.cluster_AmazonEKSVPCResourceControllerPolicy",
            "module.eks.aws_iam_role_policy_attachment.workers_AmazonEKS_CNI_Policy",
            "module.eks.aws_security_group_rule.cluster_https_worker_ingress",
            "module.eks.aws_security_group_rule.workers_ingress_cluster",
            "module.eks.aws_security_group_rule.workers_ingress_cluster_primary",
            "aws_security_group.worker_group_mgmt_one",
            "module.eks.aws_security_group_rule.workers_ingress_self",
            "module.eks.data.aws_ami.eks_worker_windows",
            "module.eks.data.aws_iam_policy_document.workers_assume_role_policy",
            "module.vpc.aws_vpc.this",
            "data.aws_availability_zones.available",
            "module.eks.aws_eks_cluster.this",
            "module.eks.aws_security_group.workers",
            "module.eks.data.aws_ami.eks_worker",
            "module.eks.data.aws_iam_instance_profile.custom_worker_group_iam_instance_profile",
            "module.eks.data.aws_partition.current",
            "module.eks.aws_iam_role.cluster",
            "module.eks.aws_security_group.cluster",
            "module.eks.aws_security_group_rule.cluster_egress_internet",
            "module.vpc.aws_subnet.private",
            "module.eks.aws_iam_role_policy_attachment.cluster_AmazonEKSServicePolicy",
            "module.eks.aws_iam_role_policy_attachment.workers_AmazonEKSWorkerNodePolicy",
            "module.eks.aws_iam_role_policy_attachment.workers_additional_policies",
            "module.eks.aws_launch_configuration.workers",
            "module.eks.aws_security_group_rule.cluster_primary_ingress_workers",
            "module.eks.aws_security_group_rule.workers_egress_internet",
            "module.eks.data.aws_iam_role.custom_cluster_iam_role"
          ],
          "create_before_destroy": true
        },
        {
          "index_key": 2,
          "schema_version": 0,
          "attributes": {
            "arn": "arn:aws:autoscaling:eu-central-1:377834893374:autoScalingGroup:2c0f3ebf-16f5-4ee1-ae9e-556033237367:autoScalingGroupName/Raviv-PortfolioEKS-worker-group-320211118162423139700000017",
            "availability_zones": [
              "eu-central-1a",
              "eu-central-1b",
              "eu-central-1c"
            ],
            "capacity_rebalance": false,
            "default_cooldown": 300,
            "desired_capacity": 3,
            "enabled_metrics": [],
            "force_delete": false,
            "force_delete_warm_pool": false,
            "health_check_grace_period": 300,
            "health_check_type": "EC2",
            "id": "Raviv-PortfolioEKS-worker-group-320211118162423139700000017",
            "initial_lifecycle_hook": [],
            "instance_refresh": [],
            "launch_configuration": "Raviv-PortfolioEKS-worker-group-320211118162414846700000013",
            "launch_template": [],
            "load_balancers": [],
            "max_instance_lifetime": 0,
            "max_size": 3,
            "metrics_granularity": "1Minute",
            "min_elb_capacity": null,
            "min_size": 1,
            "mixed_instances_policy": [],
            "name": "Raviv-PortfolioEKS-worker-group-320211118162423139700000017",
            "name_prefix": "Raviv-PortfolioEKS-worker-group-3",
            "placement_group": "",
            "protect_from_scale_in": false,
            "service_linked_role_arn": "arn:aws:iam::377834893374:role/aws-service-role/autoscaling.amazonaws.com/AWSServiceRoleForAutoScaling",
            "suspended_processes": [
              "AZRebalance"
            ],
            "tag": [
              {
                "key": "Environment",
                "propagate_at_launch": true,
                "value": "training"
              },
              {
                "key": "GithubOrg",
                "propagate_at_launch": true,
                "value": "terraform-aws-modules"
              },
              {
                "key": "GithubRepo",
                "propagate_at_launch": true,
                "value": "terraform-aws-eks"
              },
              {
                "key": "Name",
                "propagate_at_launch": true,
                "value": "Raviv-PortfolioEKS-worker-group-3-eks_asg"
              },
              {
                "key": "k8s.io/cluster/Raviv-PortfolioEKS",
                "propagate_at_launch": true,
                "value": "owned"
              },
              {
                "key": "kubernetes.io/cluster/Raviv-PortfolioEKS",
                "propagate_at_launch": true,
                "value": "owned"
              }
            ],
            "tags": null,
            "target_group_arns": [],
            "termination_policies": [],
            "timeouts": null,
            "vpc_zone_identifier": [
              "subnet-03a163737e8f86e0c",
              "subnet-041e212bd12d48d2c",
              "subnet-08aff0bf201cf2663"
            ],
            "wait_for_capacity_timeout": "10m",
            "wait_for_elb_capacity": null,
            "warm_pool": []
          },
          "sensitive_attributes": [],
          "private": "eyJlMmJmYjczMC1lY2FhLTExZTYtOGY4OC0zNDM2M2JjN2M0YzAiOnsiZGVsZXRlIjo2MDAwMDAwMDAwMDB9fQ==",
          "dependencies": [
            "module.eks.aws_iam_role_policy_attachment.workers_additional_policies",
            "module.eks.aws_security_group_rule.cluster_primary_ingress_workers",
            "module.eks.data.aws_ami.eks_worker_windows",
            "module.vpc.aws_vpc_ipv4_cidr_block_association.this",
            "module.eks.aws_cloudwatch_log_group.this",
            "module.eks.aws_iam_role_policy_attachment.workers_AmazonEKSWorkerNodePolicy",
            "module.eks.aws_security_group.cluster",
            "module.eks.data.aws_iam_instance_profile.custom_worker_group_iam_instance_profile",
            "module.eks.aws_iam_role.cluster",
            "module.eks.aws_iam_role_policy_attachment.cluster_AmazonEKSClusterPolicy",
            "module.eks.aws_iam_role_policy_attachment.cluster_AmazonEKSServicePolicy",
            "module.eks.aws_launch_configuration.workers",
            "module.eks.aws_iam_role_policy_attachment.cluster_AmazonEKSVPCResourceControllerPolicy",
            "module.eks.data.aws_iam_policy_document.cluster_assume_role_policy",
            "module.eks.aws_iam_instance_profile.workers",
            "module.eks.aws_security_group_rule.cluster_https_worker_ingress",
            "module.eks.aws_security_group_rule.workers_ingress_cluster_kubelet",
            "module.vpc.aws_subnet.private",
            "module.vpc.aws_vpc.this",
            "module.eks.aws_eks_cluster.this",
            "module.eks.aws_iam_role.workers",
            "module.eks.aws_security_group_rule.workers_egress_internet",
            "module.eks.aws_security_group_rule.workers_ingress_cluster_primary",
            "module.eks.aws_security_group_rule.workers_ingress_self",
            "module.eks.data.aws_iam_policy_document.workers_assume_role_policy",
            "module.eks.aws_iam_role_policy_attachment.workers_AmazonEC2ContainerRegistryReadOnly",
            "module.eks.aws_security_group_rule.cluster_egress_internet",
            "module.eks.data.aws_partition.current",
            "module.eks.data.aws_ami.eks_worker",
            "module.eks.data.aws_iam_role.custom_cluster_iam_role",
            "aws_security_group.worker_group_mgmt_one",
            "data.aws_availability_zones.available",
            "module.eks.aws_iam_role_policy_attachment.workers_AmazonEKS_CNI_Policy",
            "module.eks.aws_security_group.workers",
            "module.eks.aws_security_group_rule.workers_ingress_cluster",
            "module.eks.aws_security_group_rule.workers_ingress_cluster_https"
          ],
          "create_before_destroy": true
        }
      ]
    },
    {
      "module": "module.eks",
      "mode": "managed",
      "type": "aws_eks_cluster",
      "name": "this",
      "provider": "provider[\"registry.terraform.io/hashicorp/aws\"]",
      "instances": [
        {
          "index_key": 0,
          "schema_version": 0,
          "attributes": {
            "arn": "arn:aws:eks:eu-central-1:377834893374:cluster/Raviv-PortfolioEKS",
            "certificate_authority": [
              {
                "data": "LS0tLS1CRUdJTiBDRVJUSUZJQ0FURS0tLS0tCk1JSUM1ekNDQWMrZ0F3SUJBZ0lCQURBTkJna3Foa2lHOXcwQkFRc0ZBREFWTVJNd0VRWURWUVFERXdwcmRXSmwKY201bGRHVnpNQjRYRFRJeE1URXhPREUyTVRreU5Wb1hEVE14TVRFeE5qRTJNVGt5TlZvd0ZURVRNQkVHQTFVRQpBeE1LYTNWaVpYSnVaWFJsY3pDQ0FTSXdEUVlKS29aSWh2Y05BUUVCQlFBRGdnRVBBRENDQVFvQ2dnRUJBS2VYCnllZGpUKzVwaEFWOGtqQ2I2U2tjdHJQTVJMa2dqMmpuMVAvWWhIbU9hWXEyV1R4djduZ21jQUpNV3hpS21wZjkKVVdURGxJM1BTSzNNZk96Qy9DWGVyQVdiWFpJUTMzS2RZUFhHZnI2ZzRmdklwbHhOVDZOS2dCMkRTYjRVUTRpQQp6RHZ5bTBPOTFtNzdTVDRrNWZFdEVkZ0EvdVo0QkU1QXBzdUgyQ1ZDTkZHd0pTb1pyTENwN1VteFJBVHF2YlJ5CkpmS1Iza2xleE4xL3UzczZJdFVBaSs0RndGaHFUbHlkM3JWVVo4QUNGWTJ1WTFMOG0vWlV4aVRpNmZla2QvQlEKWkQwS2JMVnNGMkxabzZaV1FUamQ1MGI0NXAxVGZXVUFMajNsTzhSQm5DU0JZa01GT1duUlV4aW54WWJjV1FZQgpZand3dFh5M2pzWmV4K3JqL0JFQ0F3RUFBYU5DTUVBd0RnWURWUjBQQVFIL0JBUURBZ0trTUE4R0ExVWRFd0VCCi93UUZNQU1CQWY4d0hRWURWUjBPQkJZRUZObVVBZ00vNjFkbGg0eDI2aTlGVGpmZng0TDNNQTBHQ1NxR1NJYjMKRFFFQkN3VUFBNElCQVFCU0xxYUY0MXJmTzRZRVlHVzhBaTdMZGpkdjFLTExTTWpzaWZpZVNlSHM4Z3BpNFpIUgp0ZTVENFZ6anpPbkdhRjVYSG9vZUZZZVQvQXNEN3lEUjhRdEY1RU1BUXVocS9YeTZSakZla0hVREJPeHZXNjdGCkYzTGlWL3VGYTVzNVdSYjRMQkZ3VnVBK2kvaWM1U2dieXZOSjhqWjd2aUlwbW1sWElkcGQrY0RDeHJvam5PbnYKSUxFUWV1akloMENjTEM0U1RmcGFDaURITy9XeEkrTUQxV2ZKcXEzU2RleWNiZ3ZobVRjdFJhSjNMN1NQWWFwdQp4d2pueEJZaVhvcmF1eVd2eGNHcU0wVlFlSjNpK2RnOS9XS3R1MDMwZ3A2cFpxN3ZaNG5sWmt3bmtFdWVIcEFIClBQcUp4RUtKZEk2dEp4eFJIUlJwTWxIMEhPK1MvZUZaUDl5cQotLS0tLUVORCBDRVJUSUZJQ0FURS0tLS0tCg=="
              }
            ],
            "created_at": "2021-11-18 16:12:39.882 +0000 UTC",
            "enabled_cluster_log_types": [],
            "encryption_config": [],
            "endpoint": "https://0C28EF78C249DBB1484F2C5A8A9E72A7.gr7.eu-central-1.eks.amazonaws.com",
            "id": "Raviv-PortfolioEKS",
            "identity": [
              {
                "oidc": [
                  {
                    "issuer": "https://oidc.eks.eu-central-1.amazonaws.com/id/0C28EF78C249DBB1484F2C5A8A9E72A7"
                  }
                ]
              }
            ],
            "kubernetes_network_config": [
              {
                "service_ipv4_cidr": "172.20.0.0/16"
              }
            ],
            "name": "Raviv-PortfolioEKS",
            "platform_version": "eks.3",
            "role_arn": "arn:aws:iam::377834893374:role/Raviv-PortfolioEKS20211118161224842300000002",
            "status": "ACTIVE",
            "tags": {
              "Environment": "training",
              "GithubOrg": "terraform-aws-modules",
              "GithubRepo": "terraform-aws-eks"
            },
            "tags_all": {
              "Environment": "training",
              "GithubOrg": "terraform-aws-modules",
              "GithubRepo": "terraform-aws-eks"
            },
            "timeouts": {
              "create": "30m",
              "delete": "15m",
              "update": "60m"
            },
            "version": "1.20",
            "vpc_config": [
              {
                "cluster_security_group_id": "sg-04cc6a58a2069baec",
                "endpoint_private_access": false,
                "endpoint_public_access": true,
                "public_access_cidrs": [
                  "0.0.0.0/0"
                ],
                "security_group_ids": [
                  "sg-078db17f6fd068cb1"
                ],
                "subnet_ids": [
                  "subnet-03a163737e8f86e0c",
                  "subnet-041e212bd12d48d2c",
                  "subnet-08aff0bf201cf2663"
                ],
                "vpc_id": "vpc-0f32af9942273795e"
              }
            ]
          },
          "sensitive_attributes": [],
          "private": "eyJlMmJmYjczMC1lY2FhLTExZTYtOGY4OC0zNDM2M2JjN2M0YzAiOnsiY3JlYXRlIjoxODAwMDAwMDAwMDAwLCJkZWxldGUiOjkwMDAwMDAwMDAwMCwidXBkYXRlIjozNjAwMDAwMDAwMDAwfX0=",
          "dependencies": [
            "module.eks.aws_security_group.cluster",
            "module.eks.aws_security_group_rule.cluster_https_worker_ingress",
            "module.eks.data.aws_iam_policy_document.cluster_assume_role_policy",
            "module.vpc.aws_vpc_ipv4_cidr_block_association.this",
            "module.eks.aws_cloudwatch_log_group.this",
            "module.eks.aws_security_group.workers",
            "module.eks.aws_security_group_rule.cluster_egress_internet",
            "module.eks.data.aws_partition.current",
            "module.vpc.aws_subnet.private",
            "module.vpc.aws_vpc.this",
            "module.eks.data.aws_iam_role.custom_cluster_iam_role",
            "data.aws_availability_zones.available",
            "module.eks.aws_iam_role.cluster",
            "module.eks.aws_iam_role_policy_attachment.cluster_AmazonEKSClusterPolicy",
            "module.eks.aws_iam_role_policy_attachment.cluster_AmazonEKSServicePolicy",
            "module.eks.aws_iam_role_policy_attachment.cluster_AmazonEKSVPCResourceControllerPolicy"
          ],
          "create_before_destroy": true
        }
      ]
    },
    {
      "module": "module.eks",
      "mode": "managed",
      "type": "aws_iam_instance_profile",
      "name": "workers",
      "provider": "provider[\"registry.terraform.io/hashicorp/aws\"]",
      "instances": [
        {
          "index_key": 0,
          "schema_version": 0,
          "attributes": {
            "arn": "arn:aws:iam::377834893374:instance-profile/Raviv-PortfolioEKS2021111816241300780000000e",
            "create_date": "2021-11-18T16:24:13Z",
            "id": "Raviv-PortfolioEKS2021111816241300780000000e",
            "name": "Raviv-PortfolioEKS2021111816241300780000000e",
            "name_prefix": "Raviv-PortfolioEKS",
            "path": "/",
            "role": "Raviv-PortfolioEKS2021111816241125700000000c",
            "tags": {
              "Environment": "training",
              "GithubOrg": "terraform-aws-modules",
              "GithubRepo": "terraform-aws-eks"
            },
            "tags_all": {
              "Environment": "training",
              "GithubOrg": "terraform-aws-modules",
              "GithubRepo": "terraform-aws-eks"
            },
            "unique_id": "AIPAVP6FW6A7O43K4OXGJ"
          },
          "sensitive_attributes": [],
          "private": "bnVsbA==",
          "dependencies": [
            "module.eks.aws_cloudwatch_log_group.this",
            "module.eks.aws_eks_cluster.this",
            "module.eks.aws_iam_role_policy_attachment.cluster_AmazonEKSClusterPolicy",
            "module.eks.aws_security_group_rule.cluster_egress_internet",
            "module.eks.aws_security_group_rule.cluster_https_worker_ingress",
            "module.eks.aws_iam_role_policy_attachment.cluster_AmazonEKSServicePolicy",
            "module.eks.aws_iam_role_policy_attachment.cluster_AmazonEKSVPCResourceControllerPolicy",
            "module.eks.aws_security_group.cluster",
            "module.eks.data.aws_iam_policy_document.workers_assume_role_policy",
            "module.vpc.aws_vpc.this",
            "aws_security_group.worker_group_mgmt_one",
            "module.eks.aws_iam_role.workers",
            "module.eks.data.aws_iam_role.custom_cluster_iam_role",
            "module.eks.data.aws_partition.current",
            "module.vpc.aws_vpc_ipv4_cidr_block_association.this",
            "data.aws_availability_zones.available",
            "module.eks.aws_iam_role.cluster",
            "module.eks.aws_security_group.workers",
            "module.eks.data.aws_iam_policy_document.cluster_assume_role_policy",
            "module.vpc.aws_subnet.private"
          ],
          "create_before_destroy": true
        },
        {
          "index_key": 1,
          "schema_version": 0,
          "attributes": {
            "arn": "arn:aws:iam::377834893374:instance-profile/Raviv-PortfolioEKS2021111816241300680000000d",
            "create_date": "2021-11-18T16:24:13Z",
            "id": "Raviv-PortfolioEKS2021111816241300680000000d",
            "name": "Raviv-PortfolioEKS2021111816241300680000000d",
            "name_prefix": "Raviv-PortfolioEKS",
            "path": "/",
            "role": "Raviv-PortfolioEKS2021111816241125700000000c",
            "tags": {
              "Environment": "training",
              "GithubOrg": "terraform-aws-modules",
              "GithubRepo": "terraform-aws-eks"
            },
            "tags_all": {
              "Environment": "training",
              "GithubOrg": "terraform-aws-modules",
              "GithubRepo": "terraform-aws-eks"
            },
            "unique_id": "AIPAVP6FW6A7PRHUR267V"
          },
          "sensitive_attributes": [],
          "private": "bnVsbA==",
          "dependencies": [
            "module.eks.aws_security_group.cluster",
            "module.eks.aws_security_group_rule.cluster_egress_internet",
            "module.eks.data.aws_iam_policy_document.cluster_assume_role_policy",
            "module.vpc.aws_vpc_ipv4_cidr_block_association.this",
            "aws_security_group.worker_group_mgmt_one",
            "data.aws_availability_zones.available",
            "module.eks.aws_cloudwatch_log_group.this",
            "module.eks.aws_eks_cluster.this",
            "module.eks.data.aws_iam_policy_document.workers_assume_role_policy",
            "module.eks.data.aws_partition.current",
            "module.eks.aws_iam_role.workers",
            "module.eks.aws_iam_role_policy_attachment.cluster_AmazonEKSClusterPolicy",
            "module.eks.aws_iam_role_policy_attachment.cluster_AmazonEKSServicePolicy",
            "module.eks.aws_security_group.workers",
            "module.eks.data.aws_iam_role.custom_cluster_iam_role",
            "module.vpc.aws_subnet.private",
            "module.vpc.aws_vpc.this",
            "module.eks.aws_iam_role.cluster",
            "module.eks.aws_iam_role_policy_attachment.cluster_AmazonEKSVPCResourceControllerPolicy",
            "module.eks.aws_security_group_rule.cluster_https_worker_ingress"
          ],
          "create_before_destroy": true
        },
        {
          "index_key": 2,
          "schema_version": 0,
          "attributes": {
            "arn": "arn:aws:iam::377834893374:instance-profile/Raviv-PortfolioEKS2021111816241300930000000f",
            "create_date": "2021-11-18T16:24:13Z",
            "id": "Raviv-PortfolioEKS2021111816241300930000000f",
            "name": "Raviv-PortfolioEKS2021111816241300930000000f",
            "name_prefix": "Raviv-PortfolioEKS",
            "path": "/",
            "role": "Raviv-PortfolioEKS2021111816241125700000000c",
            "tags": {
              "Environment": "training",
              "GithubOrg": "terraform-aws-modules",
              "GithubRepo": "terraform-aws-eks"
            },
            "tags_all": {
              "Environment": "training",
              "GithubOrg": "terraform-aws-modules",
              "GithubRepo": "terraform-aws-eks"
            },
            "unique_id": "AIPAVP6FW6A7KKARE2HSY"
          },
          "sensitive_attributes": [],
          "private": "bnVsbA==",
          "dependencies": [
            "module.eks.aws_iam_role.cluster",
            "module.eks.aws_iam_role_policy_attachment.cluster_AmazonEKSServicePolicy",
            "module.eks.data.aws_iam_policy_document.cluster_assume_role_policy",
            "module.vpc.aws_subnet.private",
            "module.eks.aws_iam_role.workers",
            "module.eks.aws_iam_role_policy_attachment.cluster_AmazonEKSVPCResourceControllerPolicy",
            "module.eks.aws_security_group.cluster",
            "module.eks.aws_security_group_rule.cluster_egress_internet",
            "module.eks.aws_security_group_rule.cluster_https_worker_ingress",
            "module.eks.data.aws_partition.current",
            "data.aws_availability_zones.available",
            "module.eks.aws_eks_cluster.this",
            "module.eks.aws_iam_role_policy_attachment.cluster_AmazonEKSClusterPolicy",
            "module.eks.aws_security_group.workers",
            "module.eks.data.aws_iam_role.custom_cluster_iam_role",
            "aws_security_group.worker_group_mgmt_one",
            "module.eks.aws_cloudwatch_log_group.this",
            "module.eks.data.aws_iam_policy_document.workers_assume_role_policy",
            "module.vpc.aws_vpc.this",
            "module.vpc.aws_vpc_ipv4_cidr_block_association.this"
          ],
          "create_before_destroy": true
        }
      ]
    },
    {
      "module": "module.eks",
      "mode": "managed",
      "type": "aws_iam_policy",
      "name": "cluster_elb_sl_role_creation",
      "provider": "provider[\"registry.terraform.io/hashicorp/aws\"]",
      "instances": [
        {
          "index_key": 0,
          "schema_version": 0,
          "attributes": {
            "arn": "arn:aws:iam::377834893374:policy/Raviv-PortfolioEKS-elb-sl-role-creation20211118161224840600000001",
            "description": "Permissions for EKS to create AWSServiceRoleForElasticLoadBalancing service-linked role",
            "id": "arn:aws:iam::377834893374:policy/Raviv-PortfolioEKS-elb-sl-role-creation20211118161224840600000001",
            "name": "Raviv-PortfolioEKS-elb-sl-role-creation20211118161224840600000001",
            "name_prefix": "Raviv-PortfolioEKS-elb-sl-role-creation",
            "path": "/",
            "policy": "{\n  \"Version\": \"2012-10-17\",\n  \"Statement\": [\n    {\n      \"Sid\": \"\",\n      \"Effect\": \"Allow\",\n      \"Action\": [\n        \"ec2:DescribeInternetGateways\",\n        \"ec2:DescribeAddresses\",\n        \"ec2:DescribeAccountAttributes\"\n      ],\n      \"Resource\": \"*\"\n    }\n  ]\n}",
            "policy_id": "ANPAVP6FW6A7JWFMKPKZY",
            "tags": {
              "Environment": "training",
              "GithubOrg": "terraform-aws-modules",
              "GithubRepo": "terraform-aws-eks"
            },
            "tags_all": {
              "Environment": "training",
              "GithubOrg": "terraform-aws-modules",
              "GithubRepo": "terraform-aws-eks"
            }
          },
          "sensitive_attributes": [],
          "private": "bnVsbA==",
          "dependencies": [
            "module.eks.data.aws_iam_policy_document.cluster_elb_sl_role_creation"
          ]
        }
      ]
    },
    {
      "module": "module.eks",
      "mode": "managed",
      "type": "aws_iam_role",
      "name": "cluster",
      "provider": "provider[\"registry.terraform.io/hashicorp/aws\"]",
      "instances": [
        {
          "index_key": 0,
          "schema_version": 0,
          "attributes": {
            "arn": "arn:aws:iam::377834893374:role/Raviv-PortfolioEKS20211118161224842300000002",
            "assume_role_policy": "{\"Version\":\"2012-10-17\",\"Statement\":[{\"Sid\":\"EKSClusterAssumeRole\",\"Effect\":\"Allow\",\"Principal\":{\"Service\":\"eks.amazonaws.com\"},\"Action\":\"sts:AssumeRole\"}]}",
            "create_date": "2021-11-18T16:12:25Z",
            "description": "",
            "force_detach_policies": true,
            "id": "Raviv-PortfolioEKS20211118161224842300000002",
            "inline_policy": [
              {
                "name": "",
                "policy": ""
              }
            ],
            "managed_policy_arns": [
              "arn:aws:iam::377834893374:policy/Raviv-PortfolioEKS-elb-sl-role-creation20211118161224840600000001",
              "arn:aws:iam::aws:policy/AmazonEKSClusterPolicy",
              "arn:aws:iam::aws:policy/AmazonEKSServicePolicy",
              "arn:aws:iam::aws:policy/AmazonEKSVPCResourceController"
            ],
            "max_session_duration": 3600,
            "name": "Raviv-PortfolioEKS20211118161224842300000002",
            "name_prefix": "Raviv-PortfolioEKS",
            "path": "/",
            "permissions_boundary": null,
            "tags": {
              "Environment": "training",
              "GithubOrg": "terraform-aws-modules",
              "GithubRepo": "terraform-aws-eks"
            },
            "tags_all": {
              "Environment": "training",
              "GithubOrg": "terraform-aws-modules",
              "GithubRepo": "terraform-aws-eks"
            },
            "unique_id": "AROAVP6FW6A7E64DANML7"
          },
          "sensitive_attributes": [],
          "private": "bnVsbA==",
          "dependencies": [
            "module.eks.data.aws_iam_policy_document.cluster_assume_role_policy"
          ],
          "create_before_destroy": true
        }
      ]
    },
    {
      "module": "module.eks",
      "mode": "managed",
      "type": "aws_iam_role",
      "name": "workers",
      "provider": "provider[\"registry.terraform.io/hashicorp/aws\"]",
      "instances": [
        {
          "index_key": 0,
          "schema_version": 0,
          "attributes": {
            "arn": "arn:aws:iam::377834893374:role/Raviv-PortfolioEKS2021111816241125700000000c",
            "assume_role_policy": "{\"Version\":\"2012-10-17\",\"Statement\":[{\"Sid\":\"EKSWorkerAssumeRole\",\"Effect\":\"Allow\",\"Principal\":{\"Service\":\"ec2.amazonaws.com\"},\"Action\":\"sts:AssumeRole\"}]}",
            "create_date": "2021-11-18T16:24:11Z",
            "description": "",
            "force_detach_policies": true,
            "id": "Raviv-PortfolioEKS2021111816241125700000000c",
            "inline_policy": [
              {
                "name": "",
                "policy": ""
              }
            ],
            "managed_policy_arns": [
              "arn:aws:iam::aws:policy/AmazonEC2ContainerRegistryReadOnly",
              "arn:aws:iam::aws:policy/AmazonEKSWorkerNodePolicy",
              "arn:aws:iam::aws:policy/AmazonEKS_CNI_Policy"
            ],
            "max_session_duration": 3600,
            "name": "Raviv-PortfolioEKS2021111816241125700000000c",
            "name_prefix": "Raviv-PortfolioEKS",
            "path": "/",
            "permissions_boundary": null,
            "tags": {
              "Environment": "training",
              "GithubOrg": "terraform-aws-modules",
              "GithubRepo": "terraform-aws-eks"
            },
            "tags_all": {
              "Environment": "training",
              "GithubOrg": "terraform-aws-modules",
              "GithubRepo": "terraform-aws-eks"
            },
            "unique_id": "AROAVP6FW6A7J7MHIUWK7"
          },
          "sensitive_attributes": [],
          "private": "bnVsbA==",
          "dependencies": [
            "module.eks.aws_iam_role_policy_attachment.cluster_AmazonEKSClusterPolicy",
            "module.eks.aws_security_group_rule.cluster_egress_internet",
            "module.eks.data.aws_iam_policy_document.workers_assume_role_policy",
            "module.vpc.aws_vpc_ipv4_cidr_block_association.this",
            "data.aws_availability_zones.available",
            "module.eks.aws_iam_role_policy_attachment.cluster_AmazonEKSServicePolicy",
            "module.eks.aws_security_group.cluster",
            "module.eks.data.aws_partition.current",
            "module.vpc.aws_subnet.private",
            "module.eks.aws_cloudwatch_log_group.this",
            "module.eks.aws_eks_cluster.this",
            "module.eks.data.aws_iam_policy_document.cluster_assume_role_policy",
            "module.eks.data.aws_iam_role.custom_cluster_iam_role",
            "module.vpc.aws_vpc.this",
            "module.eks.aws_iam_role.cluster",
            "module.eks.aws_iam_role_policy_attachment.cluster_AmazonEKSVPCResourceControllerPolicy",
            "module.eks.aws_security_group.workers",
            "module.eks.aws_security_group_rule.cluster_https_worker_ingress"
          ],
          "create_before_destroy": true
        }
      ]
    },
    {
      "module": "module.eks",
      "mode": "managed",
      "type": "aws_iam_role_policy_attachment",
      "name": "cluster_AmazonEKSClusterPolicy",
      "provider": "provider[\"registry.terraform.io/hashicorp/aws\"]",
      "instances": [
        {
          "index_key": 0,
          "schema_version": 0,
          "attributes": {
            "id": "Raviv-PortfolioEKS20211118161224842300000002-20211118161227001000000004",
            "policy_arn": "arn:aws:iam::aws:policy/AmazonEKSClusterPolicy",
            "role": "Raviv-PortfolioEKS20211118161224842300000002"
          },
          "sensitive_attributes": [],
          "private": "bnVsbA==",
          "dependencies": [
            "module.eks.aws_iam_role.cluster",
            "module.eks.data.aws_iam_policy_document.cluster_assume_role_policy",
            "module.eks.data.aws_partition.current"
          ],
          "create_before_destroy": true
        }
      ]
    },
    {
      "module": "module.eks",
      "mode": "managed",
      "type": "aws_iam_role_policy_attachment",
      "name": "cluster_AmazonEKSServicePolicy",
      "provider": "provider[\"registry.terraform.io/hashicorp/aws\"]",
      "instances": [
        {
          "index_key": 0,
          "schema_version": 0,
          "attributes": {
            "id": "Raviv-PortfolioEKS20211118161224842300000002-20211118161227025300000006",
            "policy_arn": "arn:aws:iam::aws:policy/AmazonEKSServicePolicy",
            "role": "Raviv-PortfolioEKS20211118161224842300000002"
          },
          "sensitive_attributes": [],
          "private": "bnVsbA==",
          "dependencies": [
            "module.eks.aws_iam_role.cluster",
            "module.eks.data.aws_iam_policy_document.cluster_assume_role_policy",
            "module.eks.data.aws_partition.current"
          ],
          "create_before_destroy": true
        }
      ]
    },
    {
      "module": "module.eks",
      "mode": "managed",
      "type": "aws_iam_role_policy_attachment",
      "name": "cluster_AmazonEKSVPCResourceControllerPolicy",
      "provider": "provider[\"registry.terraform.io/hashicorp/aws\"]",
      "instances": [
        {
          "index_key": 0,
          "schema_version": 0,
          "attributes": {
            "id": "Raviv-PortfolioEKS20211118161224842300000002-20211118161227001100000005",
            "policy_arn": "arn:aws:iam::aws:policy/AmazonEKSVPCResourceController",
            "role": "Raviv-PortfolioEKS20211118161224842300000002"
          },
          "sensitive_attributes": [],
          "private": "bnVsbA==",
          "dependencies": [
            "module.eks.aws_iam_role.cluster",
            "module.eks.data.aws_iam_policy_document.cluster_assume_role_policy",
            "module.eks.data.aws_partition.current"
          ],
          "create_before_destroy": true
        }
      ]
    },
    {
      "module": "module.eks",
      "mode": "managed",
      "type": "aws_iam_role_policy_attachment",
      "name": "cluster_elb_sl_role_creation",
      "provider": "provider[\"registry.terraform.io/hashicorp/aws\"]",
      "instances": [
        {
          "index_key": 0,
          "schema_version": 0,
          "attributes": {
            "id": "Raviv-PortfolioEKS20211118161224842300000002-20211118161226994800000003",
            "policy_arn": "arn:aws:iam::377834893374:policy/Raviv-PortfolioEKS-elb-sl-role-creation20211118161224840600000001",
            "role": "Raviv-PortfolioEKS20211118161224842300000002"
          },
          "sensitive_attributes": [],
          "private": "bnVsbA==",
          "dependencies": [
            "module.eks.aws_iam_policy.cluster_elb_sl_role_creation",
            "module.eks.aws_iam_role.cluster",
            "module.eks.data.aws_iam_policy_document.cluster_assume_role_policy",
            "module.eks.data.aws_iam_policy_document.cluster_elb_sl_role_creation"
          ]
        }
      ]
    },
    {
      "module": "module.eks",
      "mode": "managed",
      "type": "aws_iam_role_policy_attachment",
      "name": "workers_AmazonEC2ContainerRegistryReadOnly",
      "provider": "provider[\"registry.terraform.io/hashicorp/aws\"]",
      "instances": [
        {
          "index_key": 0,
          "schema_version": 0,
          "attributes": {
            "id": "Raviv-PortfolioEKS2021111816241125700000000c-20211118162413473300000011",
            "policy_arn": "arn:aws:iam::aws:policy/AmazonEC2ContainerRegistryReadOnly",
            "role": "Raviv-PortfolioEKS2021111816241125700000000c"
          },
          "sensitive_attributes": [],
          "private": "bnVsbA==",
          "dependencies": [
            "module.eks.aws_cloudwatch_log_group.this",
            "module.eks.data.aws_partition.current",
            "module.vpc.aws_vpc_ipv4_cidr_block_association.this",
            "module.eks.aws_eks_cluster.this",
            "module.eks.aws_iam_role_policy_attachment.cluster_AmazonEKSServicePolicy",
            "module.eks.aws_iam_role_policy_attachment.cluster_AmazonEKSVPCResourceControllerPolicy",
            "module.eks.aws_security_group_rule.cluster_egress_internet",
            "module.eks.aws_security_group_rule.cluster_https_worker_ingress",
            "module.eks.data.aws_iam_role.custom_cluster_iam_role",
            "module.vpc.aws_vpc.this",
            "data.aws_availability_zones.available",
            "module.eks.aws_iam_role.cluster",
            "module.eks.aws_iam_role.workers",
            "module.eks.aws_iam_role_policy_attachment.cluster_AmazonEKSClusterPolicy",
            "module.eks.data.aws_iam_policy_document.cluster_assume_role_policy",
            "module.vpc.aws_subnet.private",
            "module.eks.aws_security_group.cluster",
            "module.eks.aws_security_group.workers",
            "module.eks.data.aws_iam_policy_document.workers_assume_role_policy"
          ],
          "create_before_destroy": true
        }
      ]
    },
    {
      "module": "module.eks",
      "mode": "managed",
      "type": "aws_iam_role_policy_attachment",
      "name": "workers_AmazonEKSWorkerNodePolicy",
      "provider": "provider[\"registry.terraform.io/hashicorp/aws\"]",
      "instances": [
        {
          "index_key": 0,
          "schema_version": 0,
          "attributes": {
            "id": "Raviv-PortfolioEKS2021111816241125700000000c-20211118162413475700000012",
            "policy_arn": "arn:aws:iam::aws:policy/AmazonEKSWorkerNodePolicy",
            "role": "Raviv-PortfolioEKS2021111816241125700000000c"
          },
          "sensitive_attributes": [],
          "private": "bnVsbA==",
          "dependencies": [
            "module.eks.aws_cloudwatch_log_group.this",
            "module.eks.aws_iam_role_policy_attachment.cluster_AmazonEKSServicePolicy",
            "module.eks.aws_iam_role_policy_attachment.cluster_AmazonEKSVPCResourceControllerPolicy",
            "module.eks.aws_security_group.workers",
            "module.eks.aws_security_group_rule.cluster_egress_internet",
            "module.eks.data.aws_iam_policy_document.cluster_assume_role_policy",
            "module.eks.data.aws_partition.current",
            "module.eks.aws_iam_role.cluster",
            "module.eks.aws_iam_role_policy_attachment.cluster_AmazonEKSClusterPolicy",
            "data.aws_availability_zones.available",
            "module.eks.aws_security_group.cluster",
            "module.eks.aws_security_group_rule.cluster_https_worker_ingress",
            "module.vpc.aws_vpc.this",
            "module.eks.aws_eks_cluster.this",
            "module.eks.aws_iam_role.workers",
            "module.eks.data.aws_iam_policy_document.workers_assume_role_policy",
            "module.eks.data.aws_iam_role.custom_cluster_iam_role",
            "module.vpc.aws_subnet.private",
            "module.vpc.aws_vpc_ipv4_cidr_block_association.this"
          ],
          "create_before_destroy": true
        }
      ]
    },
    {
      "module": "module.eks",
      "mode": "managed",
      "type": "aws_iam_role_policy_attachment",
      "name": "workers_AmazonEKS_CNI_Policy",
      "provider": "provider[\"registry.terraform.io/hashicorp/aws\"]",
      "instances": [
        {
          "index_key": 0,
          "schema_version": 0,
          "attributes": {
            "id": "Raviv-PortfolioEKS2021111816241125700000000c-20211118162413469900000010",
            "policy_arn": "arn:aws:iam::aws:policy/AmazonEKS_CNI_Policy",
            "role": "Raviv-PortfolioEKS2021111816241125700000000c"
          },
          "sensitive_attributes": [],
          "private": "bnVsbA==",
          "dependencies": [
            "module.eks.aws_security_group_rule.cluster_egress_internet",
            "module.vpc.aws_vpc_ipv4_cidr_block_association.this",
            "module.eks.aws_iam_role.cluster",
            "module.eks.aws_iam_role_policy_attachment.cluster_AmazonEKSServicePolicy",
            "module.eks.aws_iam_role_policy_attachment.cluster_AmazonEKSClusterPolicy",
            "module.eks.data.aws_iam_policy_document.workers_assume_role_policy",
            "data.aws_availability_zones.available",
            "module.eks.aws_eks_cluster.this",
            "module.eks.aws_security_group_rule.cluster_https_worker_ingress",
            "module.eks.data.aws_iam_policy_document.cluster_assume_role_policy",
            "module.eks.aws_iam_role_policy_attachment.cluster_AmazonEKSVPCResourceControllerPolicy",
            "module.eks.aws_security_group.workers",
            "module.eks.aws_security_group.cluster",
            "module.eks.data.aws_iam_role.custom_cluster_iam_role",
            "module.eks.data.aws_partition.current",
            "module.vpc.aws_subnet.private",
            "module.vpc.aws_vpc.this",
            "module.eks.aws_cloudwatch_log_group.this",
            "module.eks.aws_iam_role.workers"
          ],
          "create_before_destroy": true
        }
      ]
    },
    {
      "module": "module.eks",
      "mode": "managed",
      "type": "aws_launch_configuration",
      "name": "workers",
      "provider": "provider[\"registry.terraform.io/hashicorp/aws\"]",
      "instances": [
        {
          "index_key": 0,
          "schema_version": 0,
          "attributes": {
            "arn": "arn:aws:autoscaling:eu-central-1:377834893374:launchConfiguration:e6fecbb9-1d25-4d22-b90e-add5f12cad86:launchConfigurationName/Raviv-PortfolioEKS-worker-group-120211118162414851900000015",
            "associate_public_ip_address": false,
            "ebs_block_device": [],
            "ebs_optimized": false,
            "enable_monitoring": true,
            "ephemeral_block_device": [],
            "iam_instance_profile": "Raviv-PortfolioEKS2021111816241300780000000e",
            "id": "Raviv-PortfolioEKS-worker-group-120211118162414851900000015",
            "image_id": "ami-03f68e6694037a1bf",
            "instance_type": "t2.small",
            "key_name": "",
            "metadata_options": [
              {
                "http_endpoint": "enabled",
                "http_put_response_hop_limit": 1,
                "http_tokens": "optional"
              }
            ],
            "name": "Raviv-PortfolioEKS-worker-group-120211118162414851900000015",
            "name_prefix": "Raviv-PortfolioEKS-worker-group-1",
            "placement_tenancy": "",
            "root_block_device": [
              {
                "delete_on_termination": true,
                "encrypted": false,
                "iops": 0,
                "throughput": 0,
                "volume_size": 100,
                "volume_type": "gp2"
              }
            ],
            "security_groups": [
              "sg-04a6adeff29456313",
              "sg-0cee473bc01f6e2a0"
            ],
            "spot_price": "",
            "user_data": null,
            "user_data_base64": "IyEvYmluL2Jhc2ggLWUKCiMgQWxsb3cgdXNlciBzdXBwbGllZCBwcmUgdXNlcmRhdGEgY29kZQoKCiMgQm9vdHN0cmFwIGFuZCBqb2luIHRoZSBjbHVzdGVyCi9ldGMvZWtzL2Jvb3RzdHJhcC5zaCAtLWI2NC1jbHVzdGVyLWNhICdMUzB0TFMxQ1JVZEpUaUJEUlZKVVNVWkpRMEZVUlMwdExTMHRDazFKU1VNMWVrTkRRV01yWjBGM1NVSkJaMGxDUVVSQlRrSm5hM0ZvYTJsSE9YY3dRa0ZSYzBaQlJFRldUVkpOZDBWUldVUldVVkZFUlhkd2NtUlhTbXdLWTIwMWJHUkhWbnBOUWpSWVJGUkplRTFVUlhoUFJFVXlUVlJyZVU1V2IxaEVWRTE0VFZSRmVFNXFSVEpOVkd0NVRsWnZkMFpVUlZSTlFrVkhRVEZWUlFwQmVFMUxZVE5XYVZwWVNuVmFXRkpzWTNwRFEwRlRTWGRFVVZsS1MyOWFTV2gyWTA1QlVVVkNRbEZCUkdkblJWQkJSRU5EUVZGdlEyZG5SVUpCUzJWWUNubGxaR3BVS3pWd2FFRldPR3RxUTJJMlUydGpkSEpRVFZKTWEyZHFNbXB1TVZBdldXaEliVTloV1hFeVYxUjRkamR1WjIxalFVcE5WM2hwUzIxd1pqa0tWVmRVUkd4Sk0xQlRTek5OWms5NlF5OURXR1Z5UVZkaVdGcEpVVE16UzJSWlVGaEhabkkyWnpSbWRrbHdiSGhPVkRaT1MyZENNa1JUWWpSVlVUUnBRUXA2UkhaNWJUQlBPVEZ0TnpkVFZEUnJOV1pGZEVWa1owRXZkVm8wUWtVMVFYQnpkVWd5UTFaRFRrWkhkMHBUYjFweVRFTndOMVZ0ZUZKQlZIRjJZbEo1Q2twbVMxSXphMnhsZUU0eEwzVXpjelpKZEZWQmFTczBSbmRHYUhGVWJIbGtNM0pXVlZvNFFVTkdXVEoxV1RGTU9HMHZXbFY0YVZScE5tWmxhMlF2UWxFS1drUXdTMkpNVm5OR01reGFielphVjFGVWFtUTFNR0kwTlhBeFZHWlhWVUZNYWpOc1R6aFNRbTVEVTBKWmEwMUdUMWR1VWxWNGFXNTRXV0pqVjFGWlFncFphbmQzZEZoNU0ycHpXbVY0SzNKcUwwSkZRMEYzUlVGQllVNURUVVZCZDBSbldVUldVakJRUVZGSUwwSkJVVVJCWjB0clRVRTRSMEV4VldSRmQwVkNDaTkzVVVaTlFVMUNRV1k0ZDBoUldVUldVakJQUWtKWlJVWk9iVlZCWjAwdk5qRmtiR2cwZURJMmFUbEdWR3BtWm5nMFRETk5RVEJIUTFOeFIxTkpZak1LUkZGRlFrTjNWVUZCTkVsQ1FWRkNVMHh4WVVZME1YSm1UelJaUlZsSFZ6aEJhVGRNWkdwa2RqRkxURXhUVFdwemFXWnBaVk5sU0hNNFozQnBORnBJVWdwMFpUVkVORlo2YW5wUGJrZGhSalZZU0c5dlpVWlpaVlF2UVhORU4zbEVVamhSZEVZMVJVMUJVWFZvY1M5WWVUWlNha1psYTBoVlJFSlBlSFpYTmpkR0NrWXpUR2xXTDNWR1lUVnpOVmRTWWpSTVFrWjNWblZCSzJrdmFXTTFVMmRpZVhaT1NqaHFXamQyYVVsd2JXMXNXRWxrY0dRclkwUkRlSEp2YW01UGJuWUtTVXhGVVdWMWFrbG9NRU5qVEVNMFUxUm1jR0ZEYVVSSVR5OVhlRWtyVFVReFYyWktjWEV6VTJSbGVXTmlaM1pvYlZSamRGSmhTak5NTjFOUVdXRndkUXA0ZDJwdWVFSlphVmh2Y21GMWVWZDJlR05IY1Uwd1ZsRmxTak5wSzJSbk9TOVhTM1IxTURNd1ozQTJjRnB4TjNaYU5HNXNXbXQzYm10RmRXVkljRUZJQ2xCUWNVcDRSVXRLWkVrMmRFcDRlRkpJVWxKd1RXeElNRWhQSzFNdlpVWmFVRGw1Y1FvdExTMHRMVVZPUkNCRFJWSlVTVVpKUTBGVVJTMHRMUzB0Q2c9PScgLS1hcGlzZXJ2ZXItZW5kcG9pbnQgJ2h0dHBzOi8vMEMyOEVGNzhDMjQ5REJCMTQ4NEYyQzVBOEE5RTcyQTcuZ3I3LmV1LWNlbnRyYWwtMS5la3MuYW1hem9uYXdzLmNvbScgIC0ta3ViZWxldC1leHRyYS1hcmdzICIiICdSYXZpdi1Qb3J0Zm9saW9FS1MnCgojIEFsbG93IHVzZXIgc3VwcGxpZWQgdXNlcmRhdGEgY29kZQpSYXZpdiBQb3J0Zm9saW8K",
            "vpc_classic_link_id": "",
            "vpc_classic_link_security_groups": []
          },
          "sensitive_attributes": [],
          "private": "bnVsbA==",
          "dependencies": [
            "module.eks.aws_iam_role_policy_attachment.workers_AmazonEKS_CNI_Policy",
            "module.eks.aws_security_group_rule.cluster_egress_internet",
            "module.eks.aws_security_group_rule.cluster_primary_ingress_workers",
            "module.eks.aws_iam_role_policy_attachment.cluster_AmazonEKSClusterPolicy",
            "module.eks.aws_iam_role_policy_attachment.cluster_AmazonEKSServicePolicy",
            "module.eks.data.aws_iam_policy_document.workers_assume_role_policy",
            "module.eks.data.aws_partition.current",
            "module.eks.aws_iam_role.cluster",
            "module.eks.data.aws_ami.eks_worker",
            "module.eks.aws_security_group_rule.workers_ingress_cluster_kubelet",
            "module.eks.aws_security_group_rule.workers_ingress_self",
            "module.eks.data.aws_ami.eks_worker_windows",
            "module.vpc.aws_subnet.private",
            "module.eks.aws_iam_role.workers",
            "module.eks.aws_security_group_rule.workers_egress_internet",
            "module.eks.aws_security_group_rule.cluster_https_worker_ingress",
            "aws_security_group.worker_group_mgmt_one",
            "module.eks.aws_iam_instance_profile.workers",
            "module.eks.aws_iam_role_policy_attachment.cluster_AmazonEKSVPCResourceControllerPolicy",
            "module.eks.aws_security_group_rule.workers_ingress_cluster_primary",
            "module.vpc.aws_vpc.this",
            "module.vpc.aws_vpc_ipv4_cidr_block_association.this",
            "data.aws_availability_zones.available",
            "module.eks.aws_cloudwatch_log_group.this",
            "module.eks.aws_security_group.workers",
            "module.eks.aws_security_group_rule.workers_ingress_cluster_https",
            "module.eks.data.aws_iam_instance_profile.custom_worker_group_iam_instance_profile",
            "module.eks.aws_eks_cluster.this",
            "module.eks.aws_iam_role_policy_attachment.workers_AmazonEC2ContainerRegistryReadOnly",
            "module.eks.aws_security_group_rule.workers_ingress_cluster",
            "module.eks.aws_iam_role_policy_attachment.workers_AmazonEKSWorkerNodePolicy",
            "module.eks.aws_iam_role_policy_attachment.workers_additional_policies",
            "module.eks.data.aws_iam_role.custom_cluster_iam_role",
            "module.eks.aws_security_group.cluster",
            "module.eks.data.aws_iam_policy_document.cluster_assume_role_policy"
          ],
          "create_before_destroy": true
        },
        {
          "index_key": 1,
          "schema_version": 0,
          "attributes": {
            "arn": "arn:aws:autoscaling:eu-central-1:377834893374:launchConfiguration:74998bed-f3e4-429a-8ae7-29a9894d6280:launchConfigurationName/Raviv-PortfolioEKS-worker-group-220211118162414849500000014",
            "associate_public_ip_address": false,
            "ebs_block_device": [],
            "ebs_optimized": false,
            "enable_monitoring": true,
            "ephemeral_block_device": [],
            "iam_instance_profile": "Raviv-PortfolioEKS2021111816241300680000000d",
            "id": "Raviv-PortfolioEKS-worker-group-220211118162414849500000014",
            "image_id": "ami-03f68e6694037a1bf",
            "instance_type": "t2.small",
            "key_name": "",
            "metadata_options": [
              {
                "http_endpoint": "enabled",
                "http_put_response_hop_limit": 1,
                "http_tokens": "optional"
              }
            ],
            "name": "Raviv-PortfolioEKS-worker-group-220211118162414849500000014",
            "name_prefix": "Raviv-PortfolioEKS-worker-group-2",
            "placement_tenancy": "",
            "root_block_device": [
              {
                "delete_on_termination": true,
                "encrypted": false,
                "iops": 0,
                "throughput": 0,
                "volume_size": 100,
                "volume_type": "gp2"
              }
            ],
            "security_groups": [
              "sg-04a6adeff29456313",
              "sg-0cee473bc01f6e2a0"
            ],
            "spot_price": "",
            "user_data": null,
            "user_data_base64": "IyEvYmluL2Jhc2ggLWUKCiMgQWxsb3cgdXNlciBzdXBwbGllZCBwcmUgdXNlcmRhdGEgY29kZQoKCiMgQm9vdHN0cmFwIGFuZCBqb2luIHRoZSBjbHVzdGVyCi9ldGMvZWtzL2Jvb3RzdHJhcC5zaCAtLWI2NC1jbHVzdGVyLWNhICdMUzB0TFMxQ1JVZEpUaUJEUlZKVVNVWkpRMEZVUlMwdExTMHRDazFKU1VNMWVrTkRRV01yWjBGM1NVSkJaMGxDUVVSQlRrSm5hM0ZvYTJsSE9YY3dRa0ZSYzBaQlJFRldUVkpOZDBWUldVUldVVkZFUlhkd2NtUlhTbXdLWTIwMWJHUkhWbnBOUWpSWVJGUkplRTFVUlhoUFJFVXlUVlJyZVU1V2IxaEVWRTE0VFZSRmVFNXFSVEpOVkd0NVRsWnZkMFpVUlZSTlFrVkhRVEZWUlFwQmVFMUxZVE5XYVZwWVNuVmFXRkpzWTNwRFEwRlRTWGRFVVZsS1MyOWFTV2gyWTA1QlVVVkNRbEZCUkdkblJWQkJSRU5EUVZGdlEyZG5SVUpCUzJWWUNubGxaR3BVS3pWd2FFRldPR3RxUTJJMlUydGpkSEpRVFZKTWEyZHFNbXB1TVZBdldXaEliVTloV1hFeVYxUjRkamR1WjIxalFVcE5WM2hwUzIxd1pqa0tWVmRVUkd4Sk0xQlRTek5OWms5NlF5OURXR1Z5UVZkaVdGcEpVVE16UzJSWlVGaEhabkkyWnpSbWRrbHdiSGhPVkRaT1MyZENNa1JUWWpSVlVUUnBRUXA2UkhaNWJUQlBPVEZ0TnpkVFZEUnJOV1pGZEVWa1owRXZkVm8wUWtVMVFYQnpkVWd5UTFaRFRrWkhkMHBUYjFweVRFTndOMVZ0ZUZKQlZIRjJZbEo1Q2twbVMxSXphMnhsZUU0eEwzVXpjelpKZEZWQmFTczBSbmRHYUhGVWJIbGtNM0pXVlZvNFFVTkdXVEoxV1RGTU9HMHZXbFY0YVZScE5tWmxhMlF2UWxFS1drUXdTMkpNVm5OR01reGFielphVjFGVWFtUTFNR0kwTlhBeFZHWlhWVUZNYWpOc1R6aFNRbTVEVTBKWmEwMUdUMWR1VWxWNGFXNTRXV0pqVjFGWlFncFphbmQzZEZoNU0ycHpXbVY0SzNKcUwwSkZRMEYzUlVGQllVNURUVVZCZDBSbldVUldVakJRUVZGSUwwSkJVVVJCWjB0clRVRTRSMEV4VldSRmQwVkNDaTkzVVVaTlFVMUNRV1k0ZDBoUldVUldVakJQUWtKWlJVWk9iVlZCWjAwdk5qRmtiR2cwZURJMmFUbEdWR3BtWm5nMFRETk5RVEJIUTFOeFIxTkpZak1LUkZGRlFrTjNWVUZCTkVsQ1FWRkNVMHh4WVVZME1YSm1UelJaUlZsSFZ6aEJhVGRNWkdwa2RqRkxURXhUVFdwemFXWnBaVk5sU0hNNFozQnBORnBJVWdwMFpUVkVORlo2YW5wUGJrZGhSalZZU0c5dlpVWlpaVlF2UVhORU4zbEVVamhSZEVZMVJVMUJVWFZvY1M5WWVUWlNha1psYTBoVlJFSlBlSFpYTmpkR0NrWXpUR2xXTDNWR1lUVnpOVmRTWWpSTVFrWjNWblZCSzJrdmFXTTFVMmRpZVhaT1NqaHFXamQyYVVsd2JXMXNXRWxrY0dRclkwUkRlSEp2YW01UGJuWUtTVXhGVVdWMWFrbG9NRU5qVEVNMFUxUm1jR0ZEYVVSSVR5OVhlRWtyVFVReFYyWktjWEV6VTJSbGVXTmlaM1pvYlZSamRGSmhTak5NTjFOUVdXRndkUXA0ZDJwdWVFSlphVmh2Y21GMWVWZDJlR05IY1Uwd1ZsRmxTak5wSzJSbk9TOVhTM1IxTURNd1ozQTJjRnB4TjNaYU5HNXNXbXQzYm10RmRXVkljRUZJQ2xCUWNVcDRSVXRLWkVrMmRFcDRlRkpJVWxKd1RXeElNRWhQSzFNdlpVWmFVRGw1Y1FvdExTMHRMVVZPUkNCRFJWSlVTVVpKUTBGVVJTMHRMUzB0Q2c9PScgLS1hcGlzZXJ2ZXItZW5kcG9pbnQgJ2h0dHBzOi8vMEMyOEVGNzhDMjQ5REJCMTQ4NEYyQzVBOEE5RTcyQTcuZ3I3LmV1LWNlbnRyYWwtMS5la3MuYW1hem9uYXdzLmNvbScgIC0ta3ViZWxldC1leHRyYS1hcmdzICIiICdSYXZpdi1Qb3J0Zm9saW9FS1MnCgojIEFsbG93IHVzZXIgc3VwcGxpZWQgdXNlcmRhdGEgY29kZQpSYXZpdiBQb3J0Zm9saW8K",
            "vpc_classic_link_id": "",
            "vpc_classic_link_security_groups": []
          },
          "sensitive_attributes": [],
          "private": "bnVsbA==",
          "dependencies": [
            "module.eks.aws_iam_role_policy_attachment.cluster_AmazonEKSClusterPolicy",
            "module.eks.aws_iam_role_policy_attachment.cluster_AmazonEKSServicePolicy",
            "module.eks.aws_iam_role_policy_attachment.workers_AmazonEKS_CNI_Policy",
            "module.eks.aws_security_group.workers",
            "module.eks.data.aws_iam_instance_profile.custom_worker_group_iam_instance_profile",
            "module.eks.aws_iam_role_policy_attachment.cluster_AmazonEKSVPCResourceControllerPolicy",
            "module.eks.aws_security_group_rule.workers_ingress_cluster_kubelet",
            "module.eks.data.aws_iam_policy_document.workers_assume_role_policy",
            "module.eks.aws_iam_instance_profile.workers",
            "module.eks.aws_iam_role.cluster",
            "module.eks.data.aws_ami.eks_worker_windows",
            "module.eks.data.aws_partition.current",
            "module.eks.aws_iam_role_policy_attachment.workers_AmazonEKSWorkerNodePolicy",
            "module.eks.aws_security_group.cluster",
            "module.eks.data.aws_iam_policy_document.cluster_assume_role_policy",
            "module.eks.aws_eks_cluster.this",
            "module.eks.aws_security_group_rule.workers_ingress_cluster_https",
            "module.vpc.aws_vpc_ipv4_cidr_block_association.this",
            "aws_security_group.worker_group_mgmt_one",
            "data.aws_availability_zones.available",
            "module.eks.aws_iam_role.workers",
            "module.eks.aws_iam_role_policy_attachment.workers_additional_policies",
            "module.eks.aws_security_group_rule.cluster_egress_internet",
            "module.eks.aws_security_group_rule.workers_ingress_cluster_primary",
            "module.eks.data.aws_iam_role.custom_cluster_iam_role",
            "module.eks.aws_security_group_rule.cluster_https_worker_ingress",
            "module.eks.aws_security_group_rule.workers_ingress_cluster",
            "module.vpc.aws_subnet.private",
            "module.eks.aws_cloudwatch_log_group.this",
            "module.eks.aws_iam_role_policy_attachment.workers_AmazonEC2ContainerRegistryReadOnly",
            "module.eks.aws_security_group_rule.cluster_primary_ingress_workers",
            "module.eks.aws_security_group_rule.workers_egress_internet",
            "module.eks.aws_security_group_rule.workers_ingress_self",
            "module.eks.data.aws_ami.eks_worker",
            "module.vpc.aws_vpc.this"
          ],
          "create_before_destroy": true
        },
        {
          "index_key": 2,
          "schema_version": 0,
          "attributes": {
            "arn": "arn:aws:autoscaling:eu-central-1:377834893374:launchConfiguration:da7a11f1-1536-4ee6-a9bc-78cbb4b26c91:launchConfigurationName/Raviv-PortfolioEKS-worker-group-320211118162414846700000013",
            "associate_public_ip_address": false,
            "ebs_block_device": [],
            "ebs_optimized": false,
            "enable_monitoring": true,
            "ephemeral_block_device": [],
            "iam_instance_profile": "Raviv-PortfolioEKS2021111816241300930000000f",
            "id": "Raviv-PortfolioEKS-worker-group-320211118162414846700000013",
            "image_id": "ami-03f68e6694037a1bf",
            "instance_type": "t2.small",
            "key_name": "",
            "metadata_options": [
              {
                "http_endpoint": "enabled",
                "http_put_response_hop_limit": 1,
                "http_tokens": "optional"
              }
            ],
            "name": "Raviv-PortfolioEKS-worker-group-320211118162414846700000013",
            "name_prefix": "Raviv-PortfolioEKS-worker-group-3",
            "placement_tenancy": "",
            "root_block_device": [
              {
                "delete_on_termination": true,
                "encrypted": false,
                "iops": 0,
                "throughput": 0,
                "volume_size": 100,
                "volume_type": "gp2"
              }
            ],
            "security_groups": [
              "sg-04a6adeff29456313",
              "sg-0cee473bc01f6e2a0"
            ],
            "spot_price": "",
            "user_data": null,
            "user_data_base64": "IyEvYmluL2Jhc2ggLWUKCiMgQWxsb3cgdXNlciBzdXBwbGllZCBwcmUgdXNlcmRhdGEgY29kZQoKCiMgQm9vdHN0cmFwIGFuZCBqb2luIHRoZSBjbHVzdGVyCi9ldGMvZWtzL2Jvb3RzdHJhcC5zaCAtLWI2NC1jbHVzdGVyLWNhICdMUzB0TFMxQ1JVZEpUaUJEUlZKVVNVWkpRMEZVUlMwdExTMHRDazFKU1VNMWVrTkRRV01yWjBGM1NVSkJaMGxDUVVSQlRrSm5hM0ZvYTJsSE9YY3dRa0ZSYzBaQlJFRldUVkpOZDBWUldVUldVVkZFUlhkd2NtUlhTbXdLWTIwMWJHUkhWbnBOUWpSWVJGUkplRTFVUlhoUFJFVXlUVlJyZVU1V2IxaEVWRTE0VFZSRmVFNXFSVEpOVkd0NVRsWnZkMFpVUlZSTlFrVkhRVEZWUlFwQmVFMUxZVE5XYVZwWVNuVmFXRkpzWTNwRFEwRlRTWGRFVVZsS1MyOWFTV2gyWTA1QlVVVkNRbEZCUkdkblJWQkJSRU5EUVZGdlEyZG5SVUpCUzJWWUNubGxaR3BVS3pWd2FFRldPR3RxUTJJMlUydGpkSEpRVFZKTWEyZHFNbXB1TVZBdldXaEliVTloV1hFeVYxUjRkamR1WjIxalFVcE5WM2hwUzIxd1pqa0tWVmRVUkd4Sk0xQlRTek5OWms5NlF5OURXR1Z5UVZkaVdGcEpVVE16UzJSWlVGaEhabkkyWnpSbWRrbHdiSGhPVkRaT1MyZENNa1JUWWpSVlVUUnBRUXA2UkhaNWJUQlBPVEZ0TnpkVFZEUnJOV1pGZEVWa1owRXZkVm8wUWtVMVFYQnpkVWd5UTFaRFRrWkhkMHBUYjFweVRFTndOMVZ0ZUZKQlZIRjJZbEo1Q2twbVMxSXphMnhsZUU0eEwzVXpjelpKZEZWQmFTczBSbmRHYUhGVWJIbGtNM0pXVlZvNFFVTkdXVEoxV1RGTU9HMHZXbFY0YVZScE5tWmxhMlF2UWxFS1drUXdTMkpNVm5OR01reGFielphVjFGVWFtUTFNR0kwTlhBeFZHWlhWVUZNYWpOc1R6aFNRbTVEVTBKWmEwMUdUMWR1VWxWNGFXNTRXV0pqVjFGWlFncFphbmQzZEZoNU0ycHpXbVY0SzNKcUwwSkZRMEYzUlVGQllVNURUVVZCZDBSbldVUldVakJRUVZGSUwwSkJVVVJCWjB0clRVRTRSMEV4VldSRmQwVkNDaTkzVVVaTlFVMUNRV1k0ZDBoUldVUldVakJQUWtKWlJVWk9iVlZCWjAwdk5qRmtiR2cwZURJMmFUbEdWR3BtWm5nMFRETk5RVEJIUTFOeFIxTkpZak1LUkZGRlFrTjNWVUZCTkVsQ1FWRkNVMHh4WVVZME1YSm1UelJaUlZsSFZ6aEJhVGRNWkdwa2RqRkxURXhUVFdwemFXWnBaVk5sU0hNNFozQnBORnBJVWdwMFpUVkVORlo2YW5wUGJrZGhSalZZU0c5dlpVWlpaVlF2UVhORU4zbEVVamhSZEVZMVJVMUJVWFZvY1M5WWVUWlNha1psYTBoVlJFSlBlSFpYTmpkR0NrWXpUR2xXTDNWR1lUVnpOVmRTWWpSTVFrWjNWblZCSzJrdmFXTTFVMmRpZVhaT1NqaHFXamQyYVVsd2JXMXNXRWxrY0dRclkwUkRlSEp2YW01UGJuWUtTVXhGVVdWMWFrbG9NRU5qVEVNMFUxUm1jR0ZEYVVSSVR5OVhlRWtyVFVReFYyWktjWEV6VTJSbGVXTmlaM1pvYlZSamRGSmhTak5NTjFOUVdXRndkUXA0ZDJwdWVFSlphVmh2Y21GMWVWZDJlR05IY1Uwd1ZsRmxTak5wSzJSbk9TOVhTM1IxTURNd1ozQTJjRnB4TjNaYU5HNXNXbXQzYm10RmRXVkljRUZJQ2xCUWNVcDRSVXRLWkVrMmRFcDRlRkpJVWxKd1RXeElNRWhQSzFNdlpVWmFVRGw1Y1FvdExTMHRMVVZPUkNCRFJWSlVTVVpKUTBGVVJTMHRMUzB0Q2c9PScgLS1hcGlzZXJ2ZXItZW5kcG9pbnQgJ2h0dHBzOi8vMEMyOEVGNzhDMjQ5REJCMTQ4NEYyQzVBOEE5RTcyQTcuZ3I3LmV1LWNlbnRyYWwtMS5la3MuYW1hem9uYXdzLmNvbScgIC0ta3ViZWxldC1leHRyYS1hcmdzICIiICdSYXZpdi1Qb3J0Zm9saW9FS1MnCgojIEFsbG93IHVzZXIgc3VwcGxpZWQgdXNlcmRhdGEgY29kZQpSYXZpdiBQb3J0Zm9saW8K",
            "vpc_classic_link_id": "",
            "vpc_classic_link_security_groups": []
          },
          "sensitive_attributes": [],
          "private": "bnVsbA==",
          "dependencies": [
            "module.eks.aws_security_group_rule.workers_ingress_cluster_kubelet",
            "module.eks.aws_security_group_rule.workers_ingress_self",
            "module.eks.aws_iam_instance_profile.workers",
            "module.eks.aws_security_group_rule.cluster_egress_internet",
            "module.eks.aws_iam_role_policy_attachment.cluster_AmazonEKSClusterPolicy",
            "module.eks.aws_iam_role_policy_attachment.workers_AmazonEC2ContainerRegistryReadOnly",
            "module.eks.aws_iam_role_policy_attachment.workers_additional_policies",
            "module.eks.data.aws_ami.eks_worker_windows",
            "module.eks.data.aws_iam_role.custom_cluster_iam_role",
            "aws_security_group.worker_group_mgmt_one",
            "module.eks.aws_eks_cluster.this",
            "module.eks.data.aws_iam_policy_document.cluster_assume_role_policy",
            "module.eks.aws_security_group.workers",
            "module.eks.data.aws_ami.eks_worker",
            "module.eks.aws_security_group_rule.workers_ingress_cluster",
            "module.eks.aws_iam_role.cluster",
            "module.eks.aws_security_group_rule.cluster_primary_ingress_workers",
            "module.eks.aws_security_group_rule.cluster_https_worker_ingress",
            "module.eks.data.aws_partition.current",
            "module.eks.aws_security_group_rule.workers_ingress_cluster_primary",
            "module.vpc.aws_subnet.private",
            "module.eks.aws_iam_role_policy_attachment.cluster_AmazonEKSServicePolicy",
            "module.eks.aws_security_group_rule.workers_egress_internet",
            "module.eks.aws_iam_role_policy_attachment.cluster_AmazonEKSVPCResourceControllerPolicy",
            "module.eks.aws_iam_role_policy_attachment.workers_AmazonEKSWorkerNodePolicy",
            "module.eks.aws_iam_role_policy_attachment.workers_AmazonEKS_CNI_Policy",
            "module.eks.aws_security_group.cluster",
            "module.eks.aws_security_group_rule.workers_ingress_cluster_https",
            "module.vpc.aws_vpc.this",
            "module.eks.aws_cloudwatch_log_group.this",
            "module.eks.aws_iam_role.workers",
            "module.eks.data.aws_iam_policy_document.workers_assume_role_policy",
            "module.vpc.aws_vpc_ipv4_cidr_block_association.this",
            "data.aws_availability_zones.available",
            "module.eks.data.aws_iam_instance_profile.custom_worker_group_iam_instance_profile"
          ],
          "create_before_destroy": true
        }
      ]
    },
    {
      "module": "module.eks",
      "mode": "managed",
      "type": "aws_security_group",
      "name": "cluster",
      "provider": "provider[\"registry.terraform.io/hashicorp/aws\"]",
      "instances": [
        {
          "index_key": 0,
          "schema_version": 1,
          "attributes": {
            "arn": "arn:aws:ec2:eu-central-1:377834893374:security-group/sg-078db17f6fd068cb1",
            "description": "EKS cluster security group.",
            "egress": [
              {
                "cidr_blocks": [
                  "0.0.0.0/0"
                ],
                "description": "Allow cluster egress access to the Internet.",
                "from_port": 0,
                "ipv6_cidr_blocks": [],
                "prefix_list_ids": [],
                "protocol": "-1",
                "security_groups": [],
                "self": false,
                "to_port": 0
              }
            ],
            "id": "sg-078db17f6fd068cb1",
            "ingress": [
              {
                "cidr_blocks": [],
                "description": "Allow pods to communicate with the EKS cluster API.",
                "from_port": 443,
                "ipv6_cidr_blocks": [],
                "prefix_list_ids": [],
                "protocol": "tcp",
                "security_groups": [
                  "sg-04a6adeff29456313"
                ],
                "self": false,
                "to_port": 443
              }
            ],
            "name": "Raviv-PortfolioEKS2021111816123654100000000a",
            "name_prefix": "Raviv-PortfolioEKS",
            "owner_id": "377834893374",
            "revoke_rules_on_delete": false,
            "tags": {
              "Environment": "training",
              "GithubOrg": "terraform-aws-modules",
              "GithubRepo": "terraform-aws-eks",
              "Name": "Raviv-PortfolioEKS-eks_cluster_sg"
            },
            "tags_all": {
              "Environment": "training",
              "GithubOrg": "terraform-aws-modules",
              "GithubRepo": "terraform-aws-eks",
              "Name": "Raviv-PortfolioEKS-eks_cluster_sg"
            },
            "timeouts": null,
            "vpc_id": "vpc-0f32af9942273795e"
          },
          "sensitive_attributes": [],
          "private": "eyJlMmJmYjczMC1lY2FhLTExZTYtOGY4OC0zNDM2M2JjN2M0YzAiOnsiY3JlYXRlIjo2MDAwMDAwMDAwMDAsImRlbGV0ZSI6OTAwMDAwMDAwMDAwfSwic2NoZW1hX3ZlcnNpb24iOiIxIn0=",
          "dependencies": [
            "module.vpc.aws_vpc.this"
          ],
          "create_before_destroy": true
        }
      ]
    },
    {
      "module": "module.eks",
      "mode": "managed",
      "type": "aws_security_group",
      "name": "workers",
      "provider": "provider[\"registry.terraform.io/hashicorp/aws\"]",
      "instances": [
        {
          "index_key": 0,
          "schema_version": 1,
          "attributes": {
            "arn": "arn:aws:ec2:eu-central-1:377834893374:security-group/sg-04a6adeff29456313",
            "description": "Security group for all nodes in the cluster.",
            "egress": [
              {
                "cidr_blocks": [
                  "0.0.0.0/0"
                ],
                "description": "Allow nodes all egress to the Internet.",
                "from_port": 0,
                "ipv6_cidr_blocks": [],
                "prefix_list_ids": [],
                "protocol": "-1",
                "security_groups": [],
                "self": false,
                "to_port": 0
              }
            ],
            "id": "sg-04a6adeff29456313",
            "ingress": [
              {
                "cidr_blocks": [],
                "description": "Allow node to communicate with each other.",
                "from_port": 0,
                "ipv6_cidr_blocks": [],
                "prefix_list_ids": [],
                "protocol": "-1",
                "security_groups": [],
                "self": true,
                "to_port": 0
              },
              {
                "cidr_blocks": [],
                "description": "Allow pods running extension API servers on port 443 to receive communication from cluster control plane.",
                "from_port": 443,
                "ipv6_cidr_blocks": [],
                "prefix_list_ids": [],
                "protocol": "tcp",
                "security_groups": [
                  "sg-078db17f6fd068cb1"
                ],
                "self": false,
                "to_port": 443
              },
              {
                "cidr_blocks": [],
                "description": "Allow workers pods to receive communication from the cluster control plane.",
                "from_port": 1025,
                "ipv6_cidr_blocks": [],
                "prefix_list_ids": [],
                "protocol": "tcp",
                "security_groups": [
                  "sg-078db17f6fd068cb1"
                ],
                "self": false,
                "to_port": 65535
              }
            ],
            "name": "Raviv-PortfolioEKS20211118161236514600000009",
            "name_prefix": "Raviv-PortfolioEKS",
            "owner_id": "377834893374",
            "revoke_rules_on_delete": false,
            "tags": {
              "Environment": "training",
              "GithubOrg": "terraform-aws-modules",
              "GithubRepo": "terraform-aws-eks",
              "Name": "Raviv-PortfolioEKS-eks_worker_sg",
              "kubernetes.io/cluster/Raviv-PortfolioEKS": "owned"
            },
            "tags_all": {
              "Environment": "training",
              "GithubOrg": "terraform-aws-modules",
              "GithubRepo": "terraform-aws-eks",
              "Name": "Raviv-PortfolioEKS-eks_worker_sg",
              "kubernetes.io/cluster/Raviv-PortfolioEKS": "owned"
            },
            "timeouts": null,
            "vpc_id": "vpc-0f32af9942273795e"
          },
          "sensitive_attributes": [],
          "private": "eyJlMmJmYjczMC1lY2FhLTExZTYtOGY4OC0zNDM2M2JjN2M0YzAiOnsiY3JlYXRlIjo2MDAwMDAwMDAwMDAsImRlbGV0ZSI6OTAwMDAwMDAwMDAwfSwic2NoZW1hX3ZlcnNpb24iOiIxIn0=",
          "dependencies": [
            "module.vpc.aws_vpc.this"
          ],
          "create_before_destroy": true
        }
      ]
    },
    {
      "module": "module.eks",
      "mode": "managed",
      "type": "aws_security_group_rule",
      "name": "cluster_egress_internet",
      "provider": "provider[\"registry.terraform.io/hashicorp/aws\"]",
      "instances": [
        {
          "index_key": 0,
          "schema_version": 2,
          "attributes": {
            "cidr_blocks": [
              "0.0.0.0/0"
            ],
            "description": "Allow cluster egress access to the Internet.",
            "from_port": 0,
            "id": "sgrule-3425817870",
            "ipv6_cidr_blocks": [],
            "prefix_list_ids": [],
            "protocol": "-1",
            "security_group_id": "sg-078db17f6fd068cb1",
            "self": false,
            "source_security_group_id": null,
            "to_port": 0,
            "type": "egress"
          },
          "sensitive_attributes": [],
          "private": "eyJzY2hlbWFfdmVyc2lvbiI6IjIifQ==",
          "dependencies": [
            "module.eks.aws_security_group.cluster",
            "module.vpc.aws_vpc.this"
          ],
          "create_before_destroy": true
        }
      ]
    },
    {
      "module": "module.eks",
      "mode": "managed",
      "type": "aws_security_group_rule",
      "name": "cluster_https_worker_ingress",
      "provider": "provider[\"registry.terraform.io/hashicorp/aws\"]",
      "instances": [
        {
          "index_key": 0,
          "schema_version": 2,
          "attributes": {
            "cidr_blocks": [],
            "description": "Allow pods to communicate with the EKS cluster API.",
            "from_port": 443,
            "id": "sgrule-2600972149",
            "ipv6_cidr_blocks": [],
            "prefix_list_ids": [],
            "protocol": "tcp",
            "security_group_id": "sg-078db17f6fd068cb1",
            "self": false,
            "source_security_group_id": "sg-04a6adeff29456313",
            "to_port": 443,
            "type": "ingress"
          },
          "sensitive_attributes": [],
          "private": "eyJzY2hlbWFfdmVyc2lvbiI6IjIifQ==",
          "dependencies": [
            "module.eks.aws_security_group.cluster",
            "module.eks.aws_security_group.workers",
            "module.vpc.aws_vpc.this"
          ],
          "create_before_destroy": true
        }
      ]
    },
    {
      "module": "module.eks",
      "mode": "managed",
      "type": "aws_security_group_rule",
      "name": "workers_egress_internet",
      "provider": "provider[\"registry.terraform.io/hashicorp/aws\"]",
      "instances": [
        {
          "index_key": 0,
          "schema_version": 2,
          "attributes": {
            "cidr_blocks": [
              "0.0.0.0/0"
            ],
            "description": "Allow nodes all egress to the Internet.",
            "from_port": 0,
            "id": "sgrule-4108326133",
            "ipv6_cidr_blocks": [],
            "prefix_list_ids": [],
            "protocol": "-1",
            "security_group_id": "sg-04a6adeff29456313",
            "self": false,
            "source_security_group_id": null,
            "to_port": 0,
            "type": "egress"
          },
          "sensitive_attributes": [],
          "private": "eyJzY2hlbWFfdmVyc2lvbiI6IjIifQ==",
          "dependencies": [
            "module.eks.aws_security_group.workers",
            "module.vpc.aws_vpc.this"
          ],
          "create_before_destroy": true
        }
      ]
    },
    {
      "module": "module.eks",
      "mode": "managed",
      "type": "aws_security_group_rule",
      "name": "workers_ingress_cluster",
      "provider": "provider[\"registry.terraform.io/hashicorp/aws\"]",
      "instances": [
        {
          "index_key": 0,
          "schema_version": 2,
          "attributes": {
            "cidr_blocks": [],
            "description": "Allow workers pods to receive communication from the cluster control plane.",
            "from_port": 1025,
            "id": "sgrule-4154908642",
            "ipv6_cidr_blocks": [],
            "prefix_list_ids": [],
            "protocol": "tcp",
            "security_group_id": "sg-04a6adeff29456313",
            "self": false,
            "source_security_group_id": "sg-078db17f6fd068cb1",
            "to_port": 65535,
            "type": "ingress"
          },
          "sensitive_attributes": [],
          "private": "eyJzY2hlbWFfdmVyc2lvbiI6IjIifQ==",
          "dependencies": [
            "module.eks.aws_security_group.cluster",
            "module.eks.aws_security_group.workers",
            "module.vpc.aws_vpc.this"
          ],
          "create_before_destroy": true
        }
      ]
    },
    {
      "module": "module.eks",
      "mode": "managed",
      "type": "aws_security_group_rule",
      "name": "workers_ingress_cluster_https",
      "provider": "provider[\"registry.terraform.io/hashicorp/aws\"]",
      "instances": [
        {
          "index_key": 0,
          "schema_version": 2,
          "attributes": {
            "cidr_blocks": [],
            "description": "Allow pods running extension API servers on port 443 to receive communication from cluster control plane.",
            "from_port": 443,
            "id": "sgrule-1924561914",
            "ipv6_cidr_blocks": [],
            "prefix_list_ids": [],
            "protocol": "tcp",
            "security_group_id": "sg-04a6adeff29456313",
            "self": false,
            "source_security_group_id": "sg-078db17f6fd068cb1",
            "to_port": 443,
            "type": "ingress"
          },
          "sensitive_attributes": [],
          "private": "eyJzY2hlbWFfdmVyc2lvbiI6IjIifQ==",
          "dependencies": [
            "module.eks.aws_security_group.cluster",
            "module.eks.aws_security_group.workers",
            "module.vpc.aws_vpc.this"
          ],
          "create_before_destroy": true
        }
      ]
    },
    {
      "module": "module.eks",
      "mode": "managed",
      "type": "aws_security_group_rule",
      "name": "workers_ingress_self",
      "provider": "provider[\"registry.terraform.io/hashicorp/aws\"]",
      "instances": [
        {
          "index_key": 0,
          "schema_version": 2,
          "attributes": {
            "cidr_blocks": [],
            "description": "Allow node to communicate with each other.",
            "from_port": 0,
            "id": "sgrule-622707556",
            "ipv6_cidr_blocks": [],
            "prefix_list_ids": [],
            "protocol": "-1",
            "security_group_id": "sg-04a6adeff29456313",
            "self": false,
            "source_security_group_id": "sg-04a6adeff29456313",
            "to_port": 0,
            "type": "ingress"
          },
          "sensitive_attributes": [],
          "private": "eyJzY2hlbWFfdmVyc2lvbiI6IjIifQ==",
          "dependencies": [
            "module.eks.aws_security_group.workers",
            "module.vpc.aws_vpc.this"
          ],
          "create_before_destroy": true
        }
      ]
    },
    {
      "module": "module.eks",
      "mode": "managed",
      "type": "kubernetes_config_map",
      "name": "aws_auth",
      "provider": "provider[\"registry.terraform.io/hashicorp/kubernetes\"]",
      "instances": [
        {
          "index_key": 0,
          "schema_version": 0,
          "attributes": {
            "binary_data": {},
            "data": {
              "mapAccounts": "[]\n",
              "mapRoles": "- \"groups\":\n  - \"system:bootstrappers\"\n  - \"system:nodes\"\n  \"rolearn\": \"arn:aws:iam::377834893374:role/Raviv-PortfolioEKS2021111816241125700000000c\"\n  \"username\": \"system:node:{{EC2PrivateDNSName}}\"\n",
              "mapUsers": "[]\n"
            },
            "id": "kube-system/aws-auth",
            "metadata": [
              {
                "annotations": {},
                "generate_name": "",
                "generation": 0,
                "labels": {
                  "app.kubernetes.io/managed-by": "Terraform",
                  "terraform.io/module": "terraform-aws-modules.eks.aws"
                },
                "name": "aws-auth",
                "namespace": "kube-system",
                "resource_version": "710",
                "uid": "92093712-9178-408d-8e35-5dfa090052d0"
              }
            ]
          },
          "sensitive_attributes": [],
          "private": "bnVsbA==",
          "dependencies": [
            "module.eks.data.aws_iam_policy_document.workers_assume_role_policy",
            "module.vpc.aws_vpc_ipv4_cidr_block_association.this",
            "module.eks.aws_iam_role_policy_attachment.cluster_AmazonEKSClusterPolicy",
            "module.eks.aws_security_group.cluster",
            "module.eks.data.aws_iam_policy_document.cluster_assume_role_policy",
            "module.eks.data.aws_iam_role.custom_cluster_iam_role",
            "module.eks.module.fargate.data.aws_iam_role.custom_fargate_iam_role",
            "module.eks.aws_iam_role_policy_attachment.cluster_AmazonEKSServicePolicy",
            "aws_security_group.worker_group_mgmt_one",
            "module.eks.aws_iam_role.cluster",
            "module.eks.aws_iam_role.workers",
            "module.eks.aws_security_group.workers",
            "module.eks.module.fargate.data.aws_iam_policy_document.eks_fargate_pod_assume_role",
            "data.aws_availability_zones.available",
            "module.eks.aws_iam_instance_profile.workers",
            "module.eks.aws_security_group_rule.cluster_private_access_cidrs_source",
            "module.eks.data.aws_caller_identity.current",
            "module.eks.data.aws_iam_instance_profile.custom_worker_group_iam_instance_profile",
            "module.eks.data.http.wait_for_cluster",
            "data.aws_eks_cluster_auth.cluster",
            "module.eks.aws_eks_cluster.this",
            "module.eks.aws_security_group_rule.cluster_egress_internet",
            "module.eks.data.aws_ami.eks_worker",
            "module.eks.module.fargate.aws_iam_role.eks_fargate_pod",
            "module.vpc.aws_vpc.this",
            "data.aws_eks_cluster.cluster",
            "module.eks.aws_cloudwatch_log_group.this",
            "module.eks.aws_iam_role_policy_attachment.cluster_AmazonEKSVPCResourceControllerPolicy",
            "module.vpc.aws_subnet.private",
            "module.eks.aws_iam_instance_profile.workers_launch_template",
            "module.eks.aws_security_group_rule.cluster_https_worker_ingress",
            "module.eks.aws_security_group_rule.cluster_private_access_sg_source",
            "module.eks.data.aws_ami.eks_worker_windows",
            "module.eks.data.aws_iam_instance_profile.custom_worker_group_launch_template_iam_instance_profile",
            "module.eks.data.aws_partition.current"
          ],
          "create_before_destroy": true
        }
      ]
    },
    {
      "module": "module.eks",
      "mode": "managed",
      "type": "local_file",
      "name": "kubeconfig",
      "provider": "provider[\"registry.terraform.io/hashicorp/local\"]",
      "instances": [
        {
          "index_key": 0,
          "schema_version": 0,
          "attributes": {
            "content": "apiVersion: v1\npreferences: {}\nkind: Config\n\nclusters:\n- cluster:\n    server: https://0C28EF78C249DBB1484F2C5A8A9E72A7.gr7.eu-central-1.eks.amazonaws.com\n    certificate-authority-data: LS0tLS1CRUdJTiBDRVJUSUZJQ0FURS0tLS0tCk1JSUM1ekNDQWMrZ0F3SUJBZ0lCQURBTkJna3Foa2lHOXcwQkFRc0ZBREFWTVJNd0VRWURWUVFERXdwcmRXSmwKY201bGRHVnpNQjRYRFRJeE1URXhPREUyTVRreU5Wb1hEVE14TVRFeE5qRTJNVGt5TlZvd0ZURVRNQkVHQTFVRQpBeE1LYTNWaVpYSnVaWFJsY3pDQ0FTSXdEUVlKS29aSWh2Y05BUUVCQlFBRGdnRVBBRENDQVFvQ2dnRUJBS2VYCnllZGpUKzVwaEFWOGtqQ2I2U2tjdHJQTVJMa2dqMmpuMVAvWWhIbU9hWXEyV1R4djduZ21jQUpNV3hpS21wZjkKVVdURGxJM1BTSzNNZk96Qy9DWGVyQVdiWFpJUTMzS2RZUFhHZnI2ZzRmdklwbHhOVDZOS2dCMkRTYjRVUTRpQQp6RHZ5bTBPOTFtNzdTVDRrNWZFdEVkZ0EvdVo0QkU1QXBzdUgyQ1ZDTkZHd0pTb1pyTENwN1VteFJBVHF2YlJ5CkpmS1Iza2xleE4xL3UzczZJdFVBaSs0RndGaHFUbHlkM3JWVVo4QUNGWTJ1WTFMOG0vWlV4aVRpNmZla2QvQlEKWkQwS2JMVnNGMkxabzZaV1FUamQ1MGI0NXAxVGZXVUFMajNsTzhSQm5DU0JZa01GT1duUlV4aW54WWJjV1FZQgpZand3dFh5M2pzWmV4K3JqL0JFQ0F3RUFBYU5DTUVBd0RnWURWUjBQQVFIL0JBUURBZ0trTUE4R0ExVWRFd0VCCi93UUZNQU1CQWY4d0hRWURWUjBPQkJZRUZObVVBZ00vNjFkbGg0eDI2aTlGVGpmZng0TDNNQTBHQ1NxR1NJYjMKRFFFQkN3VUFBNElCQVFCU0xxYUY0MXJmTzRZRVlHVzhBaTdMZGpkdjFLTExTTWpzaWZpZVNlSHM4Z3BpNFpIUgp0ZTVENFZ6anpPbkdhRjVYSG9vZUZZZVQvQXNEN3lEUjhRdEY1RU1BUXVocS9YeTZSakZla0hVREJPeHZXNjdGCkYzTGlWL3VGYTVzNVdSYjRMQkZ3VnVBK2kvaWM1U2dieXZOSjhqWjd2aUlwbW1sWElkcGQrY0RDeHJvam5PbnYKSUxFUWV1akloMENjTEM0U1RmcGFDaURITy9XeEkrTUQxV2ZKcXEzU2RleWNiZ3ZobVRjdFJhSjNMN1NQWWFwdQp4d2pueEJZaVhvcmF1eVd2eGNHcU0wVlFlSjNpK2RnOS9XS3R1MDMwZ3A2cFpxN3ZaNG5sWmt3bmtFdWVIcEFIClBQcUp4RUtKZEk2dEp4eFJIUlJwTWxIMEhPK1MvZUZaUDl5cQotLS0tLUVORCBDRVJUSUZJQ0FURS0tLS0tCg==\n  name: eks_Raviv-PortfolioEKS\n\ncontexts:\n- context:\n    cluster: eks_Raviv-PortfolioEKS\n    user: eks_Raviv-PortfolioEKS\n  name: eks_Raviv-PortfolioEKS\n\ncurrent-context: eks_Raviv-PortfolioEKS\n\nusers:\n- name: eks_Raviv-PortfolioEKS\n  user:\n    exec:\n      apiVersion: client.authentication.k8s.io/v1alpha1\n      command: aws-iam-authenticator\n      args:\n        - \"token\"\n        - \"-i\"\n        - \"Raviv-PortfolioEKS\"\n",
            "content_base64": null,
            "directory_permission": "0755",
            "file_permission": "0600",
            "filename": "./kubeconfig_Raviv-PortfolioEKS",
            "id": "cfc5f3b316be75da6fcb01502f0b37d6574de54d",
            "sensitive_content": null,
            "source": null
          },
          "sensitive_attributes": [],
          "private": "bnVsbA==",
          "dependencies": [
            "module.vpc.aws_subnet.private",
            "module.vpc.aws_vpc_ipv4_cidr_block_association.this",
            "module.eks.aws_iam_role_policy_attachment.cluster_AmazonEKSClusterPolicy",
            "module.eks.aws_security_group_rule.cluster_https_worker_ingress",
            "module.eks.data.aws_partition.current",
            "module.eks.data.aws_iam_policy_document.cluster_assume_role_policy",
            "data.aws_availability_zones.available",
            "module.eks.aws_security_group.workers",
            "module.eks.aws_security_group_rule.cluster_egress_internet",
            "module.eks.aws_iam_role_policy_attachment.cluster_AmazonEKSVPCResourceControllerPolicy",
            "module.eks.aws_security_group.cluster",
            "module.vpc.aws_vpc.this",
            "module.eks.aws_cloudwatch_log_group.this",
            "module.eks.aws_eks_cluster.this",
            "module.eks.aws_iam_role_policy_attachment.cluster_AmazonEKSServicePolicy",
            "module.eks.aws_iam_role.cluster",
            "module.eks.data.aws_iam_role.custom_cluster_iam_role"
          ]
        }
      ]
    },
    {
      "module": "module.eks.module.fargate",
      "mode": "data",
      "type": "aws_partition",
      "name": "current",
      "provider": "provider[\"registry.terraform.io/hashicorp/aws\"]",
      "instances": [
        {
          "schema_version": 0,
          "attributes": {
            "dns_suffix": "amazonaws.com",
            "id": "aws",
            "partition": "aws",
            "reverse_dns_prefix": "com.amazonaws"
          },
          "sensitive_attributes": []
        }
      ]
    },
    {
      "module": "module.vpc",
      "mode": "managed",
      "type": "aws_eip",
      "name": "nat",
      "provider": "provider[\"registry.terraform.io/hashicorp/aws\"]",
      "instances": [
        {
          "index_key": 0,
          "schema_version": 0,
          "attributes": {
            "address": null,
            "allocation_id": "eipalloc-58cf5f5e",
            "associate_with_private_ip": null,
            "association_id": "eipassoc-0dab5514f31cd9a5c",
            "carrier_ip": "",
            "customer_owned_ip": "",
            "customer_owned_ipv4_pool": "",
            "domain": "vpc",
            "id": "eipalloc-58cf5f5e",
            "instance": "",
            "network_border_group": "eu-central-1",
            "network_interface": "eni-0a2ea0ee93027d5b1",
            "private_dns": "ip-10-0-4-157.eu-central-1.compute.internal",
            "private_ip": "10.0.4.157",
            "public_dns": "ec2-18-159-205-171.eu-central-1.compute.amazonaws.com",
            "public_ip": "18.159.205.171",
            "public_ipv4_pool": "amazon",
            "tags": {
              "Name": "Portfolio-vpc-eu-central-1a",
              "kubernetes.io/cluster/Raviv-PortfolioEKS": "shared"
            },
            "tags_all": {
              "Name": "Portfolio-vpc-eu-central-1a",
              "kubernetes.io/cluster/Raviv-PortfolioEKS": "shared"
            },
            "timeouts": null,
            "vpc": true
          },
          "sensitive_attributes": [],
          "private": "eyJlMmJmYjczMC1lY2FhLTExZTYtOGY4OC0zNDM2M2JjN2M0YzAiOnsiZGVsZXRlIjoxODAwMDAwMDAwMDAsInJlYWQiOjkwMDAwMDAwMDAwMCwidXBkYXRlIjozMDAwMDAwMDAwMDB9fQ==",
          "dependencies": [
            "data.aws_availability_zones.available"
          ]
        }
      ]
    },
    {
      "module": "module.vpc",
      "mode": "managed",
      "type": "aws_internet_gateway",
      "name": "this",
      "provider": "provider[\"registry.terraform.io/hashicorp/aws\"]",
      "instances": [
        {
          "index_key": 0,
          "schema_version": 0,
          "attributes": {
            "arn": "arn:aws:ec2:eu-central-1:377834893374:internet-gateway/igw-0387846a14b21a3d9",
            "id": "igw-0387846a14b21a3d9",
            "owner_id": "377834893374",
            "tags": {
              "Name": "Portfolio-vpc",
              "kubernetes.io/cluster/Raviv-PortfolioEKS": "shared"
            },
            "tags_all": {
              "Name": "Portfolio-vpc",
              "kubernetes.io/cluster/Raviv-PortfolioEKS": "shared"
            },
            "vpc_id": "vpc-0f32af9942273795e"
          },
          "sensitive_attributes": [],
          "private": "bnVsbA==",
          "dependencies": [
            "module.vpc.aws_vpc.this",
            "module.vpc.aws_vpc_ipv4_cidr_block_association.this"
          ]
        }
      ]
    },
    {
      "module": "module.vpc",
      "mode": "managed",
      "type": "aws_nat_gateway",
      "name": "this",
      "provider": "provider[\"registry.terraform.io/hashicorp/aws\"]",
      "instances": [
        {
          "index_key": 0,
          "schema_version": 0,
          "attributes": {
            "allocation_id": "eipalloc-58cf5f5e",
            "connectivity_type": "public",
            "id": "nat-0a9dc9dacd9da92fa",
            "network_interface_id": "eni-0a2ea0ee93027d5b1",
            "private_ip": "10.0.4.157",
            "public_ip": "18.159.205.171",
            "subnet_id": "subnet-03dedb8a6af2c656c",
            "tags": {
              "Name": "Portfolio-vpc-eu-central-1a",
              "kubernetes.io/cluster/Raviv-PortfolioEKS": "shared"
            },
            "tags_all": {
              "Name": "Portfolio-vpc-eu-central-1a",
              "kubernetes.io/cluster/Raviv-PortfolioEKS": "shared"
            }
          },
          "sensitive_attributes": [],
          "private": "bnVsbA==",
          "dependencies": [
            "module.vpc.aws_internet_gateway.this",
            "module.vpc.aws_subnet.public",
            "module.vpc.aws_vpc.this",
            "module.vpc.aws_vpc_ipv4_cidr_block_association.this",
            "data.aws_availability_zones.available",
            "module.vpc.aws_eip.nat"
          ]
        }
      ]
    },
    {
      "module": "module.vpc",
      "mode": "managed",
      "type": "aws_route",
      "name": "private_nat_gateway",
      "provider": "provider[\"registry.terraform.io/hashicorp/aws\"]",
      "instances": [
        {
          "index_key": 0,
          "schema_version": 0,
          "attributes": {
            "carrier_gateway_id": "",
            "destination_cidr_block": "0.0.0.0/0",
            "destination_ipv6_cidr_block": "",
            "destination_prefix_list_id": "",
            "egress_only_gateway_id": "",
            "gateway_id": "",
            "id": "r-rtb-01bb86935eba02ae11080289494",
            "instance_id": "",
            "instance_owner_id": "",
            "local_gateway_id": "",
            "nat_gateway_id": "nat-0a9dc9dacd9da92fa",
            "network_interface_id": "",
            "origin": "CreateRoute",
            "route_table_id": "rtb-01bb86935eba02ae1",
            "state": "active",
            "timeouts": {
              "create": "5m",
              "delete": null,
              "update": null
            },
            "transit_gateway_id": "",
            "vpc_endpoint_id": "",
            "vpc_peering_connection_id": ""
          },
          "sensitive_attributes": [],
          "private": "eyJlMmJmYjczMC1lY2FhLTExZTYtOGY4OC0zNDM2M2JjN2M0YzAiOnsiY3JlYXRlIjozMDAwMDAwMDAwMDAsImRlbGV0ZSI6MzAwMDAwMDAwMDAwLCJ1cGRhdGUiOjEyMDAwMDAwMDAwMH19",
          "dependencies": [
            "data.aws_availability_zones.available",
            "module.vpc.aws_eip.nat",
            "module.vpc.aws_internet_gateway.this",
            "module.vpc.aws_nat_gateway.this",
            "module.vpc.aws_route_table.private",
            "module.vpc.aws_subnet.public",
            "module.vpc.aws_vpc.this",
            "module.vpc.aws_vpc_ipv4_cidr_block_association.this"
          ]
        }
      ]
    },
    {
      "module": "module.vpc",
      "mode": "managed",
      "type": "aws_route",
      "name": "public_internet_gateway",
      "provider": "provider[\"registry.terraform.io/hashicorp/aws\"]",
      "instances": [
        {
          "index_key": 0,
          "schema_version": 0,
          "attributes": {
            "carrier_gateway_id": "",
            "destination_cidr_block": "0.0.0.0/0",
            "destination_ipv6_cidr_block": "",
            "destination_prefix_list_id": "",
            "egress_only_gateway_id": "",
            "gateway_id": "igw-0387846a14b21a3d9",
            "id": "r-rtb-04b97e75f05a255421080289494",
            "instance_id": "",
            "instance_owner_id": "",
            "local_gateway_id": "",
            "nat_gateway_id": "",
            "network_interface_id": "",
            "origin": "CreateRoute",
            "route_table_id": "rtb-04b97e75f05a25542",
            "state": "active",
            "timeouts": {
              "create": "5m",
              "delete": null,
              "update": null
            },
            "transit_gateway_id": "",
            "vpc_endpoint_id": "",
            "vpc_peering_connection_id": ""
          },
          "sensitive_attributes": [],
          "private": "eyJlMmJmYjczMC1lY2FhLTExZTYtOGY4OC0zNDM2M2JjN2M0YzAiOnsiY3JlYXRlIjozMDAwMDAwMDAwMDAsImRlbGV0ZSI6MzAwMDAwMDAwMDAwLCJ1cGRhdGUiOjEyMDAwMDAwMDAwMH19",
          "dependencies": [
            "module.vpc.aws_route_table.public",
            "module.vpc.aws_vpc.this",
            "module.vpc.aws_vpc_ipv4_cidr_block_association.this",
            "module.vpc.aws_internet_gateway.this"
          ]
        }
      ]
    },
    {
      "module": "module.vpc",
      "mode": "managed",
      "type": "aws_route_table",
      "name": "private",
      "provider": "provider[\"registry.terraform.io/hashicorp/aws\"]",
      "instances": [
        {
          "index_key": 0,
          "schema_version": 0,
          "attributes": {
            "arn": "arn:aws:ec2:eu-central-1:377834893374:route-table/rtb-01bb86935eba02ae1",
            "id": "rtb-01bb86935eba02ae1",
            "owner_id": "377834893374",
            "propagating_vgws": [],
            "route": [
              {
                "carrier_gateway_id": "",
                "cidr_block": "0.0.0.0/0",
                "destination_prefix_list_id": "",
                "egress_only_gateway_id": "",
                "gateway_id": "",
                "instance_id": "",
                "ipv6_cidr_block": "",
                "local_gateway_id": "",
                "nat_gateway_id": "nat-0a9dc9dacd9da92fa",
                "network_interface_id": "",
                "transit_gateway_id": "",
                "vpc_endpoint_id": "",
                "vpc_peering_connection_id": ""
              }
            ],
            "tags": {
              "Name": "Portfolio-vpc-private",
              "kubernetes.io/cluster/Raviv-PortfolioEKS": "shared"
            },
            "tags_all": {
              "Name": "Portfolio-vpc-private",
              "kubernetes.io/cluster/Raviv-PortfolioEKS": "shared"
            },
            "timeouts": null,
            "vpc_id": "vpc-0f32af9942273795e"
          },
          "sensitive_attributes": [],
          "private": "eyJlMmJmYjczMC1lY2FhLTExZTYtOGY4OC0zNDM2M2JjN2M0YzAiOnsiY3JlYXRlIjoxMjAwMDAwMDAwMDAsImRlbGV0ZSI6MzAwMDAwMDAwMDAwLCJ1cGRhdGUiOjEyMDAwMDAwMDAwMH19",
          "dependencies": [
            "data.aws_availability_zones.available",
            "module.vpc.aws_vpc.this",
            "module.vpc.aws_vpc_ipv4_cidr_block_association.this"
          ]
        }
      ]
    },
    {
      "module": "module.vpc",
      "mode": "managed",
      "type": "aws_route_table",
      "name": "public",
      "provider": "provider[\"registry.terraform.io/hashicorp/aws\"]",
      "instances": [
        {
          "index_key": 0,
          "schema_version": 0,
          "attributes": {
            "arn": "arn:aws:ec2:eu-central-1:377834893374:route-table/rtb-04b97e75f05a25542",
            "id": "rtb-04b97e75f05a25542",
            "owner_id": "377834893374",
            "propagating_vgws": [],
            "route": [
              {
                "carrier_gateway_id": "",
                "cidr_block": "0.0.0.0/0",
                "destination_prefix_list_id": "",
                "egress_only_gateway_id": "",
                "gateway_id": "igw-0387846a14b21a3d9",
                "instance_id": "",
                "ipv6_cidr_block": "",
                "local_gateway_id": "",
                "nat_gateway_id": "",
                "network_interface_id": "",
                "transit_gateway_id": "",
                "vpc_endpoint_id": "",
                "vpc_peering_connection_id": ""
              }
            ],
            "tags": {
              "Name": "Portfolio-vpc-public",
              "kubernetes.io/cluster/Raviv-PortfolioEKS": "shared"
            },
            "tags_all": {
              "Name": "Portfolio-vpc-public",
              "kubernetes.io/cluster/Raviv-PortfolioEKS": "shared"
            },
            "timeouts": null,
            "vpc_id": "vpc-0f32af9942273795e"
          },
          "sensitive_attributes": [],
          "private": "eyJlMmJmYjczMC1lY2FhLTExZTYtOGY4OC0zNDM2M2JjN2M0YzAiOnsiY3JlYXRlIjoxMjAwMDAwMDAwMDAsImRlbGV0ZSI6MzAwMDAwMDAwMDAwLCJ1cGRhdGUiOjEyMDAwMDAwMDAwMH19",
          "dependencies": [
            "module.vpc.aws_vpc.this",
            "module.vpc.aws_vpc_ipv4_cidr_block_association.this"
          ]
        }
      ]
    },
    {
      "module": "module.vpc",
      "mode": "managed",
      "type": "aws_route_table_association",
      "name": "private",
      "provider": "provider[\"registry.terraform.io/hashicorp/aws\"]",
      "instances": [
        {
          "index_key": 0,
          "schema_version": 0,
          "attributes": {
            "gateway_id": "",
            "id": "rtbassoc-05c51b574e2f88e31",
            "route_table_id": "rtb-01bb86935eba02ae1",
            "subnet_id": "subnet-08aff0bf201cf2663"
          },
          "sensitive_attributes": [],
          "private": "bnVsbA==",
          "dependencies": [
            "module.vpc.aws_vpc_ipv4_cidr_block_association.this",
            "data.aws_availability_zones.available",
            "module.vpc.aws_route_table.private",
            "module.vpc.aws_subnet.private",
            "module.vpc.aws_vpc.this"
          ]
        },
        {
          "index_key": 1,
          "schema_version": 0,
          "attributes": {
            "gateway_id": "",
            "id": "rtbassoc-0b99ad767a7688146",
            "route_table_id": "rtb-01bb86935eba02ae1",
            "subnet_id": "subnet-03a163737e8f86e0c"
          },
          "sensitive_attributes": [],
          "private": "bnVsbA==",
          "dependencies": [
            "data.aws_availability_zones.available",
            "module.vpc.aws_route_table.private",
            "module.vpc.aws_subnet.private",
            "module.vpc.aws_vpc.this",
            "module.vpc.aws_vpc_ipv4_cidr_block_association.this"
          ]
        },
        {
          "index_key": 2,
          "schema_version": 0,
          "attributes": {
            "gateway_id": "",
            "id": "rtbassoc-0e4626b10c4e3fa29",
            "route_table_id": "rtb-01bb86935eba02ae1",
            "subnet_id": "subnet-041e212bd12d48d2c"
          },
          "sensitive_attributes": [],
          "private": "bnVsbA==",
          "dependencies": [
            "data.aws_availability_zones.available",
            "module.vpc.aws_route_table.private",
            "module.vpc.aws_subnet.private",
            "module.vpc.aws_vpc.this",
            "module.vpc.aws_vpc_ipv4_cidr_block_association.this"
          ]
        }
      ]
    },
    {
      "module": "module.vpc",
      "mode": "managed",
      "type": "aws_route_table_association",
      "name": "public",
      "provider": "provider[\"registry.terraform.io/hashicorp/aws\"]",
      "instances": [
        {
          "index_key": 0,
          "schema_version": 0,
          "attributes": {
            "gateway_id": "",
            "id": "rtbassoc-05687e54bb97e50db",
            "route_table_id": "rtb-04b97e75f05a25542",
            "subnet_id": "subnet-03dedb8a6af2c656c"
          },
          "sensitive_attributes": [],
          "private": "bnVsbA==",
          "dependencies": [
            "module.vpc.aws_route_table.public",
            "module.vpc.aws_subnet.public",
            "module.vpc.aws_vpc.this",
            "module.vpc.aws_vpc_ipv4_cidr_block_association.this",
            "data.aws_availability_zones.available"
          ]
        },
        {
          "index_key": 1,
          "schema_version": 0,
          "attributes": {
            "gateway_id": "",
            "id": "rtbassoc-0451a6016f7a50151",
            "route_table_id": "rtb-04b97e75f05a25542",
            "subnet_id": "subnet-0e71d0e63196b58c5"
          },
          "sensitive_attributes": [],
          "private": "bnVsbA==",
          "dependencies": [
            "module.vpc.aws_subnet.public",
            "module.vpc.aws_vpc.this",
            "module.vpc.aws_vpc_ipv4_cidr_block_association.this",
            "data.aws_availability_zones.available",
            "module.vpc.aws_route_table.public"
          ]
        },
        {
          "index_key": 2,
          "schema_version": 0,
          "attributes": {
            "gateway_id": "",
            "id": "rtbassoc-0f33fca7e706ea531",
            "route_table_id": "rtb-04b97e75f05a25542",
            "subnet_id": "subnet-0eec516bd4383f001"
          },
          "sensitive_attributes": [],
          "private": "bnVsbA==",
          "dependencies": [
            "data.aws_availability_zones.available",
            "module.vpc.aws_route_table.public",
            "module.vpc.aws_subnet.public",
            "module.vpc.aws_vpc.this",
            "module.vpc.aws_vpc_ipv4_cidr_block_association.this"
          ]
        }
      ]
    },
    {
      "module": "module.vpc",
      "mode": "managed",
      "type": "aws_subnet",
      "name": "private",
      "provider": "provider[\"registry.terraform.io/hashicorp/aws\"]",
      "instances": [
        {
          "index_key": 0,
          "schema_version": 1,
          "attributes": {
            "arn": "arn:aws:ec2:eu-central-1:377834893374:subnet/subnet-08aff0bf201cf2663",
            "assign_ipv6_address_on_creation": false,
            "availability_zone": "eu-central-1a",
            "availability_zone_id": "euc1-az2",
            "cidr_block": "10.0.1.0/24",
            "customer_owned_ipv4_pool": "",
            "id": "subnet-08aff0bf201cf2663",
            "ipv6_cidr_block": "",
            "ipv6_cidr_block_association_id": "",
            "map_customer_owned_ip_on_launch": false,
            "map_public_ip_on_launch": false,
            "outpost_arn": "",
            "owner_id": "377834893374",
            "tags": {
              "Name": "Portfolio-vpc-private-eu-central-1a",
              "kubernetes.io/cluster/Raviv-PortfolioEKS": "shared",
              "kubernetes.io/role/internal-elb": "1"
            },
            "tags_all": {
              "Name": "Portfolio-vpc-private-eu-central-1a",
              "kubernetes.io/cluster/Raviv-PortfolioEKS": "shared",
              "kubernetes.io/role/internal-elb": "1"
            },
            "timeouts": null,
            "vpc_id": "vpc-0f32af9942273795e"
          },
          "sensitive_attributes": [],
          "private": "eyJlMmJmYjczMC1lY2FhLTExZTYtOGY4OC0zNDM2M2JjN2M0YzAiOnsiY3JlYXRlIjo2MDAwMDAwMDAwMDAsImRlbGV0ZSI6MTIwMDAwMDAwMDAwMH0sInNjaGVtYV92ZXJzaW9uIjoiMSJ9",
          "dependencies": [
            "data.aws_availability_zones.available",
            "module.vpc.aws_vpc.this",
            "module.vpc.aws_vpc_ipv4_cidr_block_association.this"
          ],
          "create_before_destroy": true
        },
        {
          "index_key": 1,
          "schema_version": 1,
          "attributes": {
            "arn": "arn:aws:ec2:eu-central-1:377834893374:subnet/subnet-03a163737e8f86e0c",
            "assign_ipv6_address_on_creation": false,
            "availability_zone": "eu-central-1b",
            "availability_zone_id": "euc1-az3",
            "cidr_block": "10.0.2.0/24",
            "customer_owned_ipv4_pool": "",
            "id": "subnet-03a163737e8f86e0c",
            "ipv6_cidr_block": "",
            "ipv6_cidr_block_association_id": "",
            "map_customer_owned_ip_on_launch": false,
            "map_public_ip_on_launch": false,
            "outpost_arn": "",
            "owner_id": "377834893374",
            "tags": {
              "Name": "Portfolio-vpc-private-eu-central-1b",
              "kubernetes.io/cluster/Raviv-PortfolioEKS": "shared",
              "kubernetes.io/role/internal-elb": "1"
            },
            "tags_all": {
              "Name": "Portfolio-vpc-private-eu-central-1b",
              "kubernetes.io/cluster/Raviv-PortfolioEKS": "shared",
              "kubernetes.io/role/internal-elb": "1"
            },
            "timeouts": null,
            "vpc_id": "vpc-0f32af9942273795e"
          },
          "sensitive_attributes": [],
          "private": "eyJlMmJmYjczMC1lY2FhLTExZTYtOGY4OC0zNDM2M2JjN2M0YzAiOnsiY3JlYXRlIjo2MDAwMDAwMDAwMDAsImRlbGV0ZSI6MTIwMDAwMDAwMDAwMH0sInNjaGVtYV92ZXJzaW9uIjoiMSJ9",
          "dependencies": [
            "module.vpc.aws_vpc_ipv4_cidr_block_association.this",
            "data.aws_availability_zones.available",
            "module.vpc.aws_vpc.this"
          ],
          "create_before_destroy": true
        },
        {
          "index_key": 2,
          "schema_version": 1,
          "attributes": {
            "arn": "arn:aws:ec2:eu-central-1:377834893374:subnet/subnet-041e212bd12d48d2c",
            "assign_ipv6_address_on_creation": false,
            "availability_zone": "eu-central-1c",
            "availability_zone_id": "euc1-az1",
            "cidr_block": "10.0.3.0/24",
            "customer_owned_ipv4_pool": "",
            "id": "subnet-041e212bd12d48d2c",
            "ipv6_cidr_block": "",
            "ipv6_cidr_block_association_id": "",
            "map_customer_owned_ip_on_launch": false,
            "map_public_ip_on_launch": false,
            "outpost_arn": "",
            "owner_id": "377834893374",
            "tags": {
              "Name": "Portfolio-vpc-private-eu-central-1c",
              "kubernetes.io/cluster/Raviv-PortfolioEKS": "shared",
              "kubernetes.io/role/internal-elb": "1"
            },
            "tags_all": {
              "Name": "Portfolio-vpc-private-eu-central-1c",
              "kubernetes.io/cluster/Raviv-PortfolioEKS": "shared",
              "kubernetes.io/role/internal-elb": "1"
            },
            "timeouts": null,
            "vpc_id": "vpc-0f32af9942273795e"
          },
          "sensitive_attributes": [],
          "private": "eyJlMmJmYjczMC1lY2FhLTExZTYtOGY4OC0zNDM2M2JjN2M0YzAiOnsiY3JlYXRlIjo2MDAwMDAwMDAwMDAsImRlbGV0ZSI6MTIwMDAwMDAwMDAwMH0sInNjaGVtYV92ZXJzaW9uIjoiMSJ9",
          "dependencies": [
            "data.aws_availability_zones.available",
            "module.vpc.aws_vpc.this",
            "module.vpc.aws_vpc_ipv4_cidr_block_association.this"
          ],
          "create_before_destroy": true
        }
      ]
    },
    {
      "module": "module.vpc",
      "mode": "managed",
      "type": "aws_subnet",
      "name": "public",
      "provider": "provider[\"registry.terraform.io/hashicorp/aws\"]",
      "instances": [
        {
          "index_key": 0,
          "schema_version": 1,
          "attributes": {
            "arn": "arn:aws:ec2:eu-central-1:377834893374:subnet/subnet-03dedb8a6af2c656c",
            "assign_ipv6_address_on_creation": false,
            "availability_zone": "eu-central-1a",
            "availability_zone_id": "euc1-az2",
            "cidr_block": "10.0.4.0/24",
            "customer_owned_ipv4_pool": "",
            "id": "subnet-03dedb8a6af2c656c",
            "ipv6_cidr_block": "",
            "ipv6_cidr_block_association_id": "",
            "map_customer_owned_ip_on_launch": false,
            "map_public_ip_on_launch": true,
            "outpost_arn": "",
            "owner_id": "377834893374",
            "tags": {
              "Name": "Portfolio-vpc-public-eu-central-1a",
              "kubernetes.io/cluster/Raviv-PortfolioEKS": "shared",
              "kubernetes.io/role/elb": "1"
            },
            "tags_all": {
              "Name": "Portfolio-vpc-public-eu-central-1a",
              "kubernetes.io/cluster/Raviv-PortfolioEKS": "shared",
              "kubernetes.io/role/elb": "1"
            },
            "timeouts": null,
            "vpc_id": "vpc-0f32af9942273795e"
          },
          "sensitive_attributes": [],
          "private": "eyJlMmJmYjczMC1lY2FhLTExZTYtOGY4OC0zNDM2M2JjN2M0YzAiOnsiY3JlYXRlIjo2MDAwMDAwMDAwMDAsImRlbGV0ZSI6MTIwMDAwMDAwMDAwMH0sInNjaGVtYV92ZXJzaW9uIjoiMSJ9",
          "dependencies": [
            "data.aws_availability_zones.available",
            "module.vpc.aws_vpc.this",
            "module.vpc.aws_vpc_ipv4_cidr_block_association.this"
          ]
        },
        {
          "index_key": 1,
          "schema_version": 1,
          "attributes": {
            "arn": "arn:aws:ec2:eu-central-1:377834893374:subnet/subnet-0e71d0e63196b58c5",
            "assign_ipv6_address_on_creation": false,
            "availability_zone": "eu-central-1b",
            "availability_zone_id": "euc1-az3",
            "cidr_block": "10.0.5.0/24",
            "customer_owned_ipv4_pool": "",
            "id": "subnet-0e71d0e63196b58c5",
            "ipv6_cidr_block": "",
            "ipv6_cidr_block_association_id": "",
            "map_customer_owned_ip_on_launch": false,
            "map_public_ip_on_launch": true,
            "outpost_arn": "",
            "owner_id": "377834893374",
            "tags": {
              "Name": "Portfolio-vpc-public-eu-central-1b",
              "kubernetes.io/cluster/Raviv-PortfolioEKS": "shared",
              "kubernetes.io/role/elb": "1"
            },
            "tags_all": {
              "Name": "Portfolio-vpc-public-eu-central-1b",
              "kubernetes.io/cluster/Raviv-PortfolioEKS": "shared",
              "kubernetes.io/role/elb": "1"
            },
            "timeouts": null,
            "vpc_id": "vpc-0f32af9942273795e"
          },
          "sensitive_attributes": [],
          "private": "eyJlMmJmYjczMC1lY2FhLTExZTYtOGY4OC0zNDM2M2JjN2M0YzAiOnsiY3JlYXRlIjo2MDAwMDAwMDAwMDAsImRlbGV0ZSI6MTIwMDAwMDAwMDAwMH0sInNjaGVtYV92ZXJzaW9uIjoiMSJ9",
          "dependencies": [
            "data.aws_availability_zones.available",
            "module.vpc.aws_vpc.this",
            "module.vpc.aws_vpc_ipv4_cidr_block_association.this"
          ]
        },
        {
          "index_key": 2,
          "schema_version": 1,
          "attributes": {
            "arn": "arn:aws:ec2:eu-central-1:377834893374:subnet/subnet-0eec516bd4383f001",
            "assign_ipv6_address_on_creation": false,
            "availability_zone": "eu-central-1c",
            "availability_zone_id": "euc1-az1",
            "cidr_block": "10.0.6.0/24",
            "customer_owned_ipv4_pool": "",
            "id": "subnet-0eec516bd4383f001",
            "ipv6_cidr_block": "",
            "ipv6_cidr_block_association_id": "",
            "map_customer_owned_ip_on_launch": false,
            "map_public_ip_on_launch": true,
            "outpost_arn": "",
            "owner_id": "377834893374",
            "tags": {
              "Name": "Portfolio-vpc-public-eu-central-1c",
              "kubernetes.io/cluster/Raviv-PortfolioEKS": "shared",
              "kubernetes.io/role/elb": "1"
            },
            "tags_all": {
              "Name": "Portfolio-vpc-public-eu-central-1c",
              "kubernetes.io/cluster/Raviv-PortfolioEKS": "shared",
              "kubernetes.io/role/elb": "1"
            },
            "timeouts": null,
            "vpc_id": "vpc-0f32af9942273795e"
          },
          "sensitive_attributes": [],
          "private": "eyJlMmJmYjczMC1lY2FhLTExZTYtOGY4OC0zNDM2M2JjN2M0YzAiOnsiY3JlYXRlIjo2MDAwMDAwMDAwMDAsImRlbGV0ZSI6MTIwMDAwMDAwMDAwMH0sInNjaGVtYV92ZXJzaW9uIjoiMSJ9",
          "dependencies": [
            "data.aws_availability_zones.available",
            "module.vpc.aws_vpc.this",
            "module.vpc.aws_vpc_ipv4_cidr_block_association.this"
          ]
        }
      ]
    },
    {
      "module": "module.vpc",
      "mode": "managed",
      "type": "aws_vpc",
      "name": "this",
      "provider": "provider[\"registry.terraform.io/hashicorp/aws\"]",
      "instances": [
        {
          "index_key": 0,
          "schema_version": 1,
          "attributes": {
            "arn": "arn:aws:ec2:eu-central-1:377834893374:vpc/vpc-0f32af9942273795e",
            "assign_generated_ipv6_cidr_block": false,
            "cidr_block": "10.0.0.0/16",
            "default_network_acl_id": "acl-0f15d179a60eba472",
            "default_route_table_id": "rtb-0c5b1273f1c323609",
            "default_security_group_id": "sg-0083aa79a95fd003a",
            "dhcp_options_id": "dopt-0fe8454ef3ae1ff49",
            "enable_classiclink": null,
            "enable_classiclink_dns_support": null,
            "enable_dns_hostnames": true,
            "enable_dns_support": true,
            "id": "vpc-0f32af9942273795e",
            "instance_tenancy": "default",
            "ipv6_association_id": "",
            "ipv6_cidr_block": "",
            "main_route_table_id": "rtb-0c5b1273f1c323609",
            "owner_id": "377834893374",
            "tags": {
              "Name": "Portfolio-vpc",
              "kubernetes.io/cluster/Raviv-PortfolioEKS": "shared"
            },
            "tags_all": {
              "Name": "Portfolio-vpc",
              "kubernetes.io/cluster/Raviv-PortfolioEKS": "shared"
            }
          },
          "sensitive_attributes": [],
          "private": "eyJzY2hlbWFfdmVyc2lvbiI6IjEifQ==",
          "create_before_destroy": true
        }
      ]
    }
  ]
}
